// !$*UTF8*$!
{
	archiveVersion = 1;
	classes = {
	};
	objectVersion = 52;
	objects = {

/* Begin PBXBuildFile section */
		3913939913C9B8450049DA61 /* Prefix.pch in Headers */ = {isa = PBXBuildFile; fileRef = 3913939813C9B8450049DA61 /* Prefix.pch */; };
		391393AD13C9B84C0049DA61 /* UIApplication+FKConcise.h in Headers */ = {isa = PBXBuildFile; fileRef = 391393A213C9B84C0049DA61 /* UIApplication+FKConcise.h */; };
		391393AF13C9B84C0049DA61 /* UIScreen+FKConcise.h in Headers */ = {isa = PBXBuildFile; fileRef = 391393A413C9B84C0049DA61 /* UIScreen+FKConcise.h */; };
		391393B113C9B84C0049DA61 /* FKUniversal.h in Headers */ = {isa = PBXBuildFile; fileRef = 391393A713C9B84C0049DA61 /* FKUniversal.h */; };
		3921679214266A060018BD5A /* UIScreen+FKAdditions.h in Headers */ = {isa = PBXBuildFile; fileRef = 3921679014266A060018BD5A /* UIScreen+FKAdditions.h */; };
		3921679314266A060018BD5A /* UIScreen+FKAdditions.m in Sources */ = {isa = PBXBuildFile; fileRef = 3921679114266A060018BD5A /* UIScreen+FKAdditions.m */; };
		3921679614266BCB0018BD5A /* UIScrollView+FKAdditions.h in Headers */ = {isa = PBXBuildFile; fileRef = 3921679414266BCA0018BD5A /* UIScrollView+FKAdditions.h */; };
		3921679714266BCB0018BD5A /* UIScrollView+FKAdditions.m in Sources */ = {isa = PBXBuildFile; fileRef = 3921679514266BCB0018BD5A /* UIScrollView+FKAdditions.m */; };
		3931206C1428AD6B0095D5ED /* UITableViewCell+FKLoading.h in Headers */ = {isa = PBXBuildFile; fileRef = 3931206A1428AD6B0095D5ED /* UITableViewCell+FKLoading.h */; };
		3931206D1428AD6B0095D5ED /* UITableViewCell+FKLoading.m in Sources */ = {isa = PBXBuildFile; fileRef = 3931206B1428AD6B0095D5ED /* UITableViewCell+FKLoading.m */; };
		393120701428AF010095D5ED /* UITableView+FKLoading.h in Headers */ = {isa = PBXBuildFile; fileRef = 3931206E1428AF010095D5ED /* UITableView+FKLoading.h */; };
		393120711428AF010095D5ED /* UITableView+FKLoading.m in Sources */ = {isa = PBXBuildFile; fileRef = 3931206F1428AF010095D5ED /* UITableView+FKLoading.m */; };
		393A299A142359550056CB37 /* CoreGraphics.framework in Frameworks */ = {isa = PBXBuildFile; fileRef = 393A2999142359550056CB37 /* CoreGraphics.framework */; };
		393A299E142359C50056CB37 /* UIViewController+FKAdditions.h in Headers */ = {isa = PBXBuildFile; fileRef = 393A299C142359C50056CB37 /* UIViewController+FKAdditions.h */; };
		393A299F142359C50056CB37 /* UIViewController+FKAdditions.m in Sources */ = {isa = PBXBuildFile; fileRef = 393A299D142359C50056CB37 /* UIViewController+FKAdditions.m */; };
		397F81BE14261227006B98BD /* UITableViewCell+FKConcise.h in Headers */ = {isa = PBXBuildFile; fileRef = 397F81BC14261227006B98BD /* UITableViewCell+FKConcise.h */; };
		397F81BF14261227006B98BD /* UITableViewCell+FKConcise.m in Sources */ = {isa = PBXBuildFile; fileRef = 397F81BD14261227006B98BD /* UITableViewCell+FKConcise.m */; };
		39AA0F751429091A00C6956C /* NSIndexPath+FKAdditions.h in Headers */ = {isa = PBXBuildFile; fileRef = 39AA0F731429091A00C6956C /* NSIndexPath+FKAdditions.h */; };
		39AA0F761429091A00C6956C /* NSIndexPath+FKAdditions.m in Sources */ = {isa = PBXBuildFile; fileRef = 39AA0F741429091A00C6956C /* NSIndexPath+FKAdditions.m */; };
		39ACE7441422709B0022D8F8 /* UIView+FKContentSize.h in Headers */ = {isa = PBXBuildFile; fileRef = 39ACE7421422709B0022D8F8 /* UIView+FKContentSize.h */; };
		39ACE7451422709B0022D8F8 /* UIView+FKContentSize.m in Sources */ = {isa = PBXBuildFile; fileRef = 39ACE7431422709B0022D8F8 /* UIView+FKContentSize.m */; };
		39ACE81614228DCC0022D8F8 /* UIViewController+FKLoading.h in Headers */ = {isa = PBXBuildFile; fileRef = 39ACE81414228DC90022D8F8 /* UIViewController+FKLoading.h */; };
		39ACE81714228DCC0022D8F8 /* UIViewController+FKLoading.m in Sources */ = {isa = PBXBuildFile; fileRef = 39ACE81514228DCB0022D8F8 /* UIViewController+FKLoading.m */; };
		39CC1E0F142F229F0017578F /* UIImage+FKAdditions.h in Headers */ = {isa = PBXBuildFile; fileRef = 39CC1E0D142F229F0017578F /* UIImage+FKAdditions.h */; };
		39CC1E10142F229F0017578F /* UIImage+FKAdditions.m in Sources */ = {isa = PBXBuildFile; fileRef = 39CC1E0E142F229F0017578F /* UIImage+FKAdditions.m */; };
		39CFA5EF1422348700DC3E57 /* UIColor+FKAdditions.h in Headers */ = {isa = PBXBuildFile; fileRef = 39CFA5ED1422348600DC3E57 /* UIColor+FKAdditions.h */; };
		39CFA5F01422348700DC3E57 /* UIColor+FKAdditions.m in Sources */ = {isa = PBXBuildFile; fileRef = 39CFA5EE1422348600DC3E57 /* UIColor+FKAdditions.m */; };
		39CFA5F3142234A600DC3E57 /* UIView+FKRotation.h in Headers */ = {isa = PBXBuildFile; fileRef = 39CFA5F1142234A600DC3E57 /* UIView+FKRotation.h */; };
		39CFA5F4142234A600DC3E57 /* UIView+FKRotation.m in Sources */ = {isa = PBXBuildFile; fileRef = 39CFA5F2142234A600DC3E57 /* UIView+FKRotation.m */; };
		39CFA5F71422398E00DC3E57 /* UIDevice+FKAdditions.h in Headers */ = {isa = PBXBuildFile; fileRef = 39CFA5F51422398E00DC3E57 /* UIDevice+FKAdditions.h */; };
		39CFA5F81422398E00DC3E57 /* UIDevice+FKAdditions.m in Sources */ = {isa = PBXBuildFile; fileRef = 39CFA5F61422398E00DC3E57 /* UIDevice+FKAdditions.m */; };
		39CFA5FB14223C1300DC3E57 /* UIImageView+FKAdditions.h in Headers */ = {isa = PBXBuildFile; fileRef = 39CFA5F914223C1200DC3E57 /* UIImageView+FKAdditions.h */; };
		39CFA5FC14223C1300DC3E57 /* UIImageView+FKAdditions.m in Sources */ = {isa = PBXBuildFile; fileRef = 39CFA5FA14223C1200DC3E57 /* UIImageView+FKAdditions.m */; };
		39CFA5FF14223CBE00DC3E57 /* UIScrollView+FKContentSize.h in Headers */ = {isa = PBXBuildFile; fileRef = 39CFA5FD14223CBE00DC3E57 /* UIScrollView+FKContentSize.h */; };
		39CFA60014223CBE00DC3E57 /* UIScrollView+FKContentSize.m in Sources */ = {isa = PBXBuildFile; fileRef = 39CFA5FE14223CBE00DC3E57 /* UIScrollView+FKContentSize.m */; };
		39CFA60214223E6300DC3E57 /* QuartzCore.framework in Frameworks */ = {isa = PBXBuildFile; fileRef = 39CFA60114223E6300DC3E57 /* QuartzCore.framework */; };
		39CFA6091422423500DC3E57 /* UIView+FKHierarchy.h in Headers */ = {isa = PBXBuildFile; fileRef = 39CFA6071422423300DC3E57 /* UIView+FKHierarchy.h */; };
		39CFA60A1422423500DC3E57 /* UIView+FKHierarchy.m in Sources */ = {isa = PBXBuildFile; fileRef = 39CFA6081422423400DC3E57 /* UIView+FKHierarchy.m */; };
		39CFA60D1422437500DC3E57 /* UIView+FKAdditions.h in Headers */ = {isa = PBXBuildFile; fileRef = 39CFA60B1422437300DC3E57 /* UIView+FKAdditions.h */; };
		39CFA60E1422437500DC3E57 /* UIView+FKAdditions.m in Sources */ = {isa = PBXBuildFile; fileRef = 39CFA60C1422437400DC3E57 /* UIView+FKAdditions.m */; };
		39CFA61114224AF800DC3E57 /* UIView+FKAnimations.h in Headers */ = {isa = PBXBuildFile; fileRef = 39CFA60F14224AF400DC3E57 /* UIView+FKAnimations.h */; };
		39CFA61214224AF800DC3E57 /* UIView+FKAnimations.m in Sources */ = {isa = PBXBuildFile; fileRef = 39CFA61014224AF600DC3E57 /* UIView+FKAnimations.m */; };
		39DF5CDE1424A08C00090805 /* FKColoredAccessoryView.h in Headers */ = {isa = PBXBuildFile; fileRef = 39DF5CDC1424A08C00090805 /* FKColoredAccessoryView.h */; };
		39DF5CDF1424A08C00090805 /* FKColoredAccessoryView.m in Sources */ = {isa = PBXBuildFile; fileRef = 39DF5CDD1424A08C00090805 /* FKColoredAccessoryView.m */; };
		39DF5D771424B62000090805 /* FKNetworkActivityManager.h in Headers */ = {isa = PBXBuildFile; fileRef = 39DF5D751424B62000090805 /* FKNetworkActivityManager.h */; };
		39DF5D781424B62000090805 /* FKNetworkActivityManager.m in Sources */ = {isa = PBXBuildFile; fileRef = 39DF5D761424B62000090805 /* FKNetworkActivityManager.m */; };
		39F5166313C8E3F3008A9732 /* Foundation.framework in Frameworks */ = {isa = PBXBuildFile; fileRef = 39F5166213C8E3F3008A9732 /* Foundation.framework */; };
		9B0B571614A6AD550071B6D2 /* UIView+FKAutoresizing.h in Headers */ = {isa = PBXBuildFile; fileRef = 9B0B571514A6AD550071B6D2 /* UIView+FKAutoresizing.h */; };
		9B30EEE31778753F00056297 /* UITouch+FKCentroid.h in Headers */ = {isa = PBXBuildFile; fileRef = 9B30EEE11778753E00056297 /* UITouch+FKCentroid.h */; };
		9B30EEE41778753F00056297 /* UITouch+FKCentroid.m in Sources */ = {isa = PBXBuildFile; fileRef = 9B30EEE21778753F00056297 /* UITouch+FKCentroid.m */; };
		9B45437914953EF90076A950 /* FKView.h in Headers */ = {isa = PBXBuildFile; fileRef = 9B45437714953EF90076A950 /* FKView.h */; };
		9B45437A14953EF90076A950 /* FKView.m in Sources */ = {isa = PBXBuildFile; fileRef = 9B45437814953EF90076A950 /* FKView.m */; };
		9B527AF118E461A300F14C5A /* UIResponder+FKFirstResponder.h in Headers */ = {isa = PBXBuildFile; fileRef = 9B527AEF18E461A300F14C5A /* UIResponder+FKFirstResponder.h */; };
		9B527AF218E461A300F14C5A /* UIResponder+FKFirstResponder.m in Sources */ = {isa = PBXBuildFile; fileRef = 9B527AF018E461A300F14C5A /* UIResponder+FKFirstResponder.m */; };
		9B54E81014269B7D00336F08 /* CGGeometry+FKAdditions.h in Headers */ = {isa = PBXBuildFile; fileRef = 9B54E80F14269B7D00336F08 /* CGGeometry+FKAdditions.h */; };
		9B54E81414269C2F00336F08 /* FKiOSMetrics.h in Headers */ = {isa = PBXBuildFile; fileRef = 9B54E81314269C2F00336F08 /* FKiOSMetrics.h */; };
		9B54E81614269C6600336F08 /* UIInterfaceOrientation+FKAdditions.h in Headers */ = {isa = PBXBuildFile; fileRef = 9B54E81514269C6600336F08 /* UIInterfaceOrientation+FKAdditions.h */; };
		9B63F33314726E3F00E30D13 /* UIBarButtonItem+FKConcise.h in Headers */ = {isa = PBXBuildFile; fileRef = 9B63F33114726E3F00E30D13 /* UIBarButtonItem+FKConcise.h */; };
		9B63F33414726E3F00E30D13 /* UIBarButtonItem+FKConcise.m in Sources */ = {isa = PBXBuildFile; fileRef = 9B63F33214726E3F00E30D13 /* UIBarButtonItem+FKConcise.m */; };
		9B6C025B142BD444006F9812 /* FKiOSDrawing.h in Headers */ = {isa = PBXBuildFile; fileRef = 9B6C025A142BD444006F9812 /* FKiOSDrawing.h */; };
		9B6C025D142BD584006F9812 /* FKiOSDrawing.m in Sources */ = {isa = PBXBuildFile; fileRef = 9B6C025C142BD583006F9812 /* FKiOSDrawing.m */; };
		9B6C0260142C69E8006F9812 /* UIAlertView+FKError.h in Headers */ = {isa = PBXBuildFile; fileRef = 9B6C025E142C69D7006F9812 /* UIAlertView+FKError.h */; };
		9B6C0261142C69E8006F9812 /* UIAlertView+FKError.m in Sources */ = {isa = PBXBuildFile; fileRef = 9B6C025F142C69DE006F9812 /* UIAlertView+FKError.m */; };
		9B82A30A17C77B2B00A74903 /* UICollectionReusableView+FKAdditions.h in Headers */ = {isa = PBXBuildFile; fileRef = 9B82A30817C77B2B00A74903 /* UICollectionReusableView+FKAdditions.h */; };
		9B82A30B17C77B2B00A74903 /* UICollectionReusableView+FKAdditions.m in Sources */ = {isa = PBXBuildFile; fileRef = 9B82A30917C77B2B00A74903 /* UICollectionReusableView+FKAdditions.m */; };
		9B82A30E17C77B3E00A74903 /* UITableViewHeaderFooterView+FKAdditions.h in Headers */ = {isa = PBXBuildFile; fileRef = 9B82A30C17C77B3E00A74903 /* UITableViewHeaderFooterView+FKAdditions.h */; };
		9B82A30F17C77B3E00A74903 /* UITableViewHeaderFooterView+FKAdditions.m in Sources */ = {isa = PBXBuildFile; fileRef = 9B82A30D17C77B3E00A74903 /* UITableViewHeaderFooterView+FKAdditions.m */; };
		9B8D782316514AA200FE2ECC /* UITableViewCell+FKAdditions.h in Headers */ = {isa = PBXBuildFile; fileRef = 9B8D782116514AA200FE2ECC /* UITableViewCell+FKAdditions.h */; };
		9B8D782416514AA200FE2ECC /* UITableViewCell+FKAdditions.m in Sources */ = {isa = PBXBuildFile; fileRef = 9B8D782216514AA200FE2ECC /* UITableViewCell+FKAdditions.m */; };
		9B8D7841165151EB00FE2ECC /* UIImage+FKBlockDrawing.h in Headers */ = {isa = PBXBuildFile; fileRef = 9B8D783F165151EB00FE2ECC /* UIImage+FKBlockDrawing.h */; };
		9B8D7842165151EB00FE2ECC /* UIImage+FKBlockDrawing.m in Sources */ = {isa = PBXBuildFile; fileRef = 9B8D7840165151EB00FE2ECC /* UIImage+FKBlockDrawing.m */; };
		9BA2D01F182AA87C003ACAD4 /* FKHairlineView.h in Headers */ = {isa = PBXBuildFile; fileRef = 9BA2D01D182AA87C003ACAD4 /* FKHairlineView.h */; };
		9BA2D020182AA87C003ACAD4 /* FKHairlineView.m in Sources */ = {isa = PBXBuildFile; fileRef = 9BA2D01E182AA87C003ACAD4 /* FKHairlineView.m */; };
		9BB4A6AB16F1F60C0001EC76 /* UIBezierPath+FKDescription.h in Headers */ = {isa = PBXBuildFile; fileRef = 9BB4A6A916F1F60C0001EC76 /* UIBezierPath+FKDescription.h */; };
		9BB4A6AC16F1F60C0001EC76 /* UIBezierPath+FKDescription.m in Sources */ = {isa = PBXBuildFile; fileRef = 9BB4A6AA16F1F60C0001EC76 /* UIBezierPath+FKDescription.m */; };
		9BBA863015DAD8F000A99D13 /* NSIndexSet+FKAdditions.h in Headers */ = {isa = PBXBuildFile; fileRef = 9BBA862E15DAD8F000A99D13 /* NSIndexSet+FKAdditions.h */; };
		9BBA863115DAD8F000A99D13 /* NSIndexSet+FKAdditions.m in Sources */ = {isa = PBXBuildFile; fileRef = 9BBA862F15DAD8F000A99D13 /* NSIndexSet+FKAdditions.m */; };
		9BBBF401143AF00D00071ABD /* UIButton+FKConcise.h in Headers */ = {isa = PBXBuildFile; fileRef = 9BBBF3FF143AF00D00071ABD /* UIButton+FKConcise.h */; };
		9BBBF402143AF00D00071ABD /* UIButton+FKConcise.m in Sources */ = {isa = PBXBuildFile; fileRef = 9BBBF400143AF00D00071ABD /* UIButton+FKConcise.m */; };
		9BCA532414891A5700918E87 /* FKInterApp.h in Headers */ = {isa = PBXBuildFile; fileRef = 9BCA532214891A5700918E87 /* FKInterApp.h */; };
		9BCA532514891A5700918E87 /* FKInterApp.m in Sources */ = {isa = PBXBuildFile; fileRef = 9BCA532314891A5700918E87 /* FKInterApp.m */; };
		9BCBDF431472747C0074BFEB /* UIWebView+FKAdditions.h in Headers */ = {isa = PBXBuildFile; fileRef = 9BCBDF411472747C0074BFEB /* UIWebView+FKAdditions.h */; };
		9BCBDF441472747C0074BFEB /* UIWebView+FKAdditions.m in Sources */ = {isa = PBXBuildFile; fileRef = 9BCBDF421472747C0074BFEB /* UIWebView+FKAdditions.m */; };
		9BDD922F148A8FE6008E21A1 /* FKBrowserViewController.h in Headers */ = {isa = PBXBuildFile; fileRef = 9BDD922D148A8FE6008E21A1 /* FKBrowserViewController.h */; };
		9BDD9230148A8FE6008E21A1 /* FKBrowserViewController.m in Sources */ = {isa = PBXBuildFile; fileRef = 9BDD922E148A8FE6008E21A1 /* FKBrowserViewController.m */; };
		9BDD9264148AA9BD008E21A1 /* MessageUI.framework in Frameworks */ = {isa = PBXBuildFile; fileRef = 9BDD9263148AA9BD008E21A1 /* MessageUI.framework */; };
		9BEF57AB17C12BCE002FACDF /* FKBlurringView.h in Headers */ = {isa = PBXBuildFile; fileRef = 9BEF57A917C12BCE002FACDF /* FKBlurringView.h */; };
		9BEF57AC17C12BCE002FACDF /* FKBlurringView.m in Sources */ = {isa = PBXBuildFile; fileRef = 9BEF57AA17C12BCE002FACDF /* FKBlurringView.m */; };
		A98C3E062389EE2700CBAE67 /* iOSKit.h in Headers */ = {isa = PBXBuildFile; fileRef = A9A007EB1E2021000068A936 /* iOSKit.h */; };
		A98C3E3D2389F02700CBAE67 /* browser-forward@2x.png in Resources */ = {isa = PBXBuildFile; fileRef = A98C3E2B2389F02600CBAE67 /* browser-forward@2x.png */; };
		A98C3E3E2389F02700CBAE67 /* browser-back.png in Resources */ = {isa = PBXBuildFile; fileRef = A98C3E2C2389F02700CBAE67 /* browser-back.png */; };
		A98C3E3F2389F02700CBAE67 /* browser-action@2x.png in Resources */ = {isa = PBXBuildFile; fileRef = A98C3E2D2389F02700CBAE67 /* browser-action@2x.png */; };
		A98C3E402389F02700CBAE67 /* browser-cancel@2x.png in Resources */ = {isa = PBXBuildFile; fileRef = A98C3E2E2389F02700CBAE67 /* browser-cancel@2x.png */; };
		A98C3E412389F02700CBAE67 /* browser-reload-legacy@2x.png in Resources */ = {isa = PBXBuildFile; fileRef = A98C3E2F2389F02700CBAE67 /* browser-reload-legacy@2x.png */; };
		A98C3E422389F02700CBAE67 /* browser-reload@2x.png in Resources */ = {isa = PBXBuildFile; fileRef = A98C3E302389F02700CBAE67 /* browser-reload@2x.png */; };
		A98C3E432389F02700CBAE67 /* browser-forward-legacy@2x.png in Resources */ = {isa = PBXBuildFile; fileRef = A98C3E312389F02700CBAE67 /* browser-forward-legacy@2x.png */; };
		A98C3E442389F02700CBAE67 /* browser-forward-legacy.png in Resources */ = {isa = PBXBuildFile; fileRef = A98C3E322389F02700CBAE67 /* browser-forward-legacy.png */; };
		A98C3E452389F02700CBAE67 /* browser-back-legacy.png in Resources */ = {isa = PBXBuildFile; fileRef = A98C3E332389F02700CBAE67 /* browser-back-legacy.png */; };
		A98C3E462389F02700CBAE67 /* browser-action.png in Resources */ = {isa = PBXBuildFile; fileRef = A98C3E342389F02700CBAE67 /* browser-action.png */; };
		A98C3E472389F02700CBAE67 /* browser-cancel-legacy.png in Resources */ = {isa = PBXBuildFile; fileRef = A98C3E352389F02700CBAE67 /* browser-cancel-legacy.png */; };
		A98C3E482389F02700CBAE67 /* browser-cancel.png in Resources */ = {isa = PBXBuildFile; fileRef = A98C3E362389F02700CBAE67 /* browser-cancel.png */; };
		A98C3E492389F02700CBAE67 /* browser-back@2x.png in Resources */ = {isa = PBXBuildFile; fileRef = A98C3E372389F02700CBAE67 /* browser-back@2x.png */; };
		A98C3E4A2389F02700CBAE67 /* browser-reload.png in Resources */ = {isa = PBXBuildFile; fileRef = A98C3E382389F02700CBAE67 /* browser-reload.png */; };
		A98C3E4B2389F02700CBAE67 /* browser-forward.png in Resources */ = {isa = PBXBuildFile; fileRef = A98C3E392389F02700CBAE67 /* browser-forward.png */; };
		A98C3E4C2389F02700CBAE67 /* browser-back-legacy@2x.png in Resources */ = {isa = PBXBuildFile; fileRef = A98C3E3A2389F02700CBAE67 /* browser-back-legacy@2x.png */; };
		A98C3E4D2389F02700CBAE67 /* browser-cancel-legacy@2x.png in Resources */ = {isa = PBXBuildFile; fileRef = A98C3E3B2389F02700CBAE67 /* browser-cancel-legacy@2x.png */; };
		A98C3E4E2389F02700CBAE67 /* browser-reload-legacy.png in Resources */ = {isa = PBXBuildFile; fileRef = A98C3E3C2389F02700CBAE67 /* browser-reload-legacy.png */; };
		A9A007ED1E2021000068A936 /* iOSKit.h in Headers */ = {isa = PBXBuildFile; fileRef = A9A007EB1E2021000068A936 /* iOSKit.h */; settings = {ATTRIBUTES = (Public, ); }; };
		A9A007F11E2021600068A936 /* FKiOSDrawing.m in Sources */ = {isa = PBXBuildFile; fileRef = 9B6C025C142BD583006F9812 /* FKiOSDrawing.m */; };
		A9A007F21E2021600068A936 /* FKInterApp.m in Sources */ = {isa = PBXBuildFile; fileRef = 9BCA532314891A5700918E87 /* FKInterApp.m */; };
		A9A007F31E2021600068A936 /* FKBrowserViewController.m in Sources */ = {isa = PBXBuildFile; fileRef = 9BDD922E148A8FE6008E21A1 /* FKBrowserViewController.m */; };
		A9A007F41E2021600068A936 /* FKNetworkActivityManager.m in Sources */ = {isa = PBXBuildFile; fileRef = 39DF5D761424B62000090805 /* FKNetworkActivityManager.m */; };
		A9A007F51E2021600068A936 /* UIBarButtonItem+FKConcise.m in Sources */ = {isa = PBXBuildFile; fileRef = 9B63F33214726E3F00E30D13 /* UIBarButtonItem+FKConcise.m */; };
		A9A007F61E2021600068A936 /* UIButton+FKConcise.m in Sources */ = {isa = PBXBuildFile; fileRef = 9BBBF400143AF00D00071ABD /* UIButton+FKConcise.m */; };
		A9A007F71E2021600068A936 /* UITableViewCell+FKConcise.m in Sources */ = {isa = PBXBuildFile; fileRef = 397F81BD14261227006B98BD /* UITableViewCell+FKConcise.m */; };
		A9A007F81E2021600068A936 /* FKColoredAccessoryView.m in Sources */ = {isa = PBXBuildFile; fileRef = 39DF5CDD1424A08C00090805 /* FKColoredAccessoryView.m */; };
		A9A007F91E2021600068A936 /* FKTableViewCell.m in Sources */ = {isa = PBXBuildFile; fileRef = D40800BB1844BE520071E67C /* FKTableViewCell.m */; };
		A9A007FA1E2021600068A936 /* FKTableViewCellView.m in Sources */ = {isa = PBXBuildFile; fileRef = D40800BD1844BE520071E67C /* FKTableViewCellView.m */; };
		A9A007FB1E2021600068A936 /* NSIndexPath+FKAdditions.m in Sources */ = {isa = PBXBuildFile; fileRef = 39AA0F741429091A00C6956C /* NSIndexPath+FKAdditions.m */; };
		A9A007FC1E2021600068A936 /* NSIndexSet+FKAdditions.m in Sources */ = {isa = PBXBuildFile; fileRef = 9BBA862F15DAD8F000A99D13 /* NSIndexSet+FKAdditions.m */; };
		A9A007FD1E2021600068A936 /* UIAlertView+FKError.m in Sources */ = {isa = PBXBuildFile; fileRef = 9B6C025F142C69DE006F9812 /* UIAlertView+FKError.m */; };
		A9A007FE1E2021600068A936 /* UIBezierPath+FKDescription.m in Sources */ = {isa = PBXBuildFile; fileRef = 9BB4A6AA16F1F60C0001EC76 /* UIBezierPath+FKDescription.m */; };
		A9A007FF1E2021600068A936 /* UICollectionReusableView+FKAdditions.m in Sources */ = {isa = PBXBuildFile; fileRef = 9B82A30917C77B2B00A74903 /* UICollectionReusableView+FKAdditions.m */; };
		A9A008001E2021600068A936 /* UIColor+FKAdditions.m in Sources */ = {isa = PBXBuildFile; fileRef = 39CFA5EE1422348600DC3E57 /* UIColor+FKAdditions.m */; };
		A9A008011E2021600068A936 /* UIDevice+FKAdditions.m in Sources */ = {isa = PBXBuildFile; fileRef = 39CFA5F61422398E00DC3E57 /* UIDevice+FKAdditions.m */; };
		A9A008021E2021600068A936 /* UIImage+FKAdditions.m in Sources */ = {isa = PBXBuildFile; fileRef = 39CC1E0E142F229F0017578F /* UIImage+FKAdditions.m */; };
		A9A008031E2021600068A936 /* UIImage+FKBlockDrawing.m in Sources */ = {isa = PBXBuildFile; fileRef = 9B8D7840165151EB00FE2ECC /* UIImage+FKBlockDrawing.m */; };
		A9A008041E2021600068A936 /* UIImageView+FKAdditions.m in Sources */ = {isa = PBXBuildFile; fileRef = 39CFA5FA14223C1200DC3E57 /* UIImageView+FKAdditions.m */; };
		A9A008051E2021600068A936 /* UIResponder+FKFirstResponder.m in Sources */ = {isa = PBXBuildFile; fileRef = 9B527AF018E461A300F14C5A /* UIResponder+FKFirstResponder.m */; };
		A9A008061E2021600068A936 /* UIScreen+FKAdditions.m in Sources */ = {isa = PBXBuildFile; fileRef = 3921679114266A060018BD5A /* UIScreen+FKAdditions.m */; };
		A9A008071E2021600068A936 /* UIScrollView+FKAdditions.m in Sources */ = {isa = PBXBuildFile; fileRef = 3921679514266BCB0018BD5A /* UIScrollView+FKAdditions.m */; };
		A9A008081E2021600068A936 /* UIScrollView+FKContentSize.m in Sources */ = {isa = PBXBuildFile; fileRef = 39CFA5FE14223CBE00DC3E57 /* UIScrollView+FKContentSize.m */; };
		A9A008091E2021600068A936 /* UITableView+FKLoading.m in Sources */ = {isa = PBXBuildFile; fileRef = 3931206F1428AF010095D5ED /* UITableView+FKLoading.m */; };
		A9A0080A1E2021600068A936 /* UITableViewCell+FKAdditions.m in Sources */ = {isa = PBXBuildFile; fileRef = 9B8D782216514AA200FE2ECC /* UITableViewCell+FKAdditions.m */; };
		A9A0080B1E2021600068A936 /* UITableViewCell+FKLoading.m in Sources */ = {isa = PBXBuildFile; fileRef = 3931206B1428AD6B0095D5ED /* UITableViewCell+FKLoading.m */; };
		A9A0080C1E2021600068A936 /* UITableViewHeaderFooterView+FKAdditions.m in Sources */ = {isa = PBXBuildFile; fileRef = 9B82A30D17C77B3E00A74903 /* UITableViewHeaderFooterView+FKAdditions.m */; };
		A9A0080D1E2021600068A936 /* UITouch+FKCentroid.m in Sources */ = {isa = PBXBuildFile; fileRef = 9B30EEE21778753F00056297 /* UITouch+FKCentroid.m */; };
		A9A0080E1E2021600068A936 /* UIView+FKAdditions.m in Sources */ = {isa = PBXBuildFile; fileRef = 39CFA60C1422437400DC3E57 /* UIView+FKAdditions.m */; };
		A9A0080F1E2021600068A936 /* UIView+FKAnimations.m in Sources */ = {isa = PBXBuildFile; fileRef = 39CFA61014224AF600DC3E57 /* UIView+FKAnimations.m */; };
		A9A008101E2021600068A936 /* UIView+FKContentSize.m in Sources */ = {isa = PBXBuildFile; fileRef = 39ACE7431422709B0022D8F8 /* UIView+FKContentSize.m */; };
		A9A008111E2021600068A936 /* UIView+FKHierarchy.m in Sources */ = {isa = PBXBuildFile; fileRef = 39CFA6081422423400DC3E57 /* UIView+FKHierarchy.m */; };
		A9A008121E2021600068A936 /* UIView+FKRotation.m in Sources */ = {isa = PBXBuildFile; fileRef = 39CFA5F2142234A600DC3E57 /* UIView+FKRotation.m */; };
		A9A008131E2021600068A936 /* UIViewController+FKAdditions.m in Sources */ = {isa = PBXBuildFile; fileRef = 393A299D142359C50056CB37 /* UIViewController+FKAdditions.m */; };
		A9A008141E2021600068A936 /* UIViewController+FKLoading.m in Sources */ = {isa = PBXBuildFile; fileRef = 39ACE81514228DCB0022D8F8 /* UIViewController+FKLoading.m */; };
		A9A008151E2021600068A936 /* UIWebView+FKAdditions.m in Sources */ = {isa = PBXBuildFile; fileRef = 9BCBDF421472747C0074BFEB /* UIWebView+FKAdditions.m */; };
		A9A008161E2021600068A936 /* FKBlurringView.m in Sources */ = {isa = PBXBuildFile; fileRef = 9BEF57AA17C12BCE002FACDF /* FKBlurringView.m */; };
		A9A008171E2021600068A936 /* FKHairlineView.m in Sources */ = {isa = PBXBuildFile; fileRef = 9BA2D01E182AA87C003ACAD4 /* FKHairlineView.m */; };
		A9A008181E2021600068A936 /* FKView.m in Sources */ = {isa = PBXBuildFile; fileRef = 9B45437814953EF90076A950 /* FKView.m */; };
		A9A008191E2021950068A936 /* CGGeometry+FKAdditions.h in Headers */ = {isa = PBXBuildFile; fileRef = 9B54E80F14269B7D00336F08 /* CGGeometry+FKAdditions.h */; settings = {ATTRIBUTES = (Public, ); }; };
		A9A0081A1E2021950068A936 /* FKiOSDrawing.h in Headers */ = {isa = PBXBuildFile; fileRef = 9B6C025A142BD444006F9812 /* FKiOSDrawing.h */; settings = {ATTRIBUTES = (Public, ); }; };
		A9A0081B1E2021950068A936 /* FKiOSMetrics.h in Headers */ = {isa = PBXBuildFile; fileRef = 9B54E81314269C2F00336F08 /* FKiOSMetrics.h */; settings = {ATTRIBUTES = (Public, ); }; };
		A9A0081C1E2021950068A936 /* UIInterfaceOrientation+FKAdditions.h in Headers */ = {isa = PBXBuildFile; fileRef = 9B54E81514269C6600336F08 /* UIInterfaceOrientation+FKAdditions.h */; settings = {ATTRIBUTES = (Public, ); }; };
		A9A0081D1E2021950068A936 /* FKInterApp.h in Headers */ = {isa = PBXBuildFile; fileRef = 9BCA532214891A5700918E87 /* FKInterApp.h */; settings = {ATTRIBUTES = (Public, ); }; };
		A9A0081E1E2021950068A936 /* FKBrowserViewController.h in Headers */ = {isa = PBXBuildFile; fileRef = 9BDD922D148A8FE6008E21A1 /* FKBrowserViewController.h */; settings = {ATTRIBUTES = (Public, ); }; };
		A9A0081F1E2021950068A936 /* FKNetworkActivityManager.h in Headers */ = {isa = PBXBuildFile; fileRef = 39DF5D751424B62000090805 /* FKNetworkActivityManager.h */; settings = {ATTRIBUTES = (Public, ); }; };
		A9A008201E2021950068A936 /* UIApplication+FKConcise.h in Headers */ = {isa = PBXBuildFile; fileRef = 391393A213C9B84C0049DA61 /* UIApplication+FKConcise.h */; settings = {ATTRIBUTES = (Public, ); }; };
		A9A008211E2021950068A936 /* UIBarButtonItem+FKConcise.h in Headers */ = {isa = PBXBuildFile; fileRef = 9B63F33114726E3F00E30D13 /* UIBarButtonItem+FKConcise.h */; settings = {ATTRIBUTES = (Public, ); }; };
		A9A008221E2021950068A936 /* UIButton+FKConcise.h in Headers */ = {isa = PBXBuildFile; fileRef = 9BBBF3FF143AF00D00071ABD /* UIButton+FKConcise.h */; settings = {ATTRIBUTES = (Public, ); }; };
		A9A008231E2021950068A936 /* UIScreen+FKConcise.h in Headers */ = {isa = PBXBuildFile; fileRef = 391393A413C9B84C0049DA61 /* UIScreen+FKConcise.h */; settings = {ATTRIBUTES = (Public, ); }; };
		A9A008241E2021950068A936 /* UITableViewCell+FKConcise.h in Headers */ = {isa = PBXBuildFile; fileRef = 397F81BC14261227006B98BD /* UITableViewCell+FKConcise.h */; settings = {ATTRIBUTES = (Public, ); }; };
		A9A008251E2021950068A936 /* FKColoredAccessoryView.h in Headers */ = {isa = PBXBuildFile; fileRef = 39DF5CDC1424A08C00090805 /* FKColoredAccessoryView.h */; settings = {ATTRIBUTES = (Public, ); }; };
		A9A008261E2021950068A936 /* FKTableViewCell.h in Headers */ = {isa = PBXBuildFile; fileRef = D40800BA1844BE520071E67C /* FKTableViewCell.h */; settings = {ATTRIBUTES = (Public, ); }; };
		A9A008271E2021950068A936 /* FKTableViewCellView.h in Headers */ = {isa = PBXBuildFile; fileRef = D40800BC1844BE520071E67C /* FKTableViewCellView.h */; settings = {ATTRIBUTES = (Public, ); }; };
		A9A008281E2021950068A936 /* NSIndexPath+FKAdditions.h in Headers */ = {isa = PBXBuildFile; fileRef = 39AA0F731429091A00C6956C /* NSIndexPath+FKAdditions.h */; settings = {ATTRIBUTES = (Public, ); }; };
		A9A008291E2021950068A936 /* NSIndexSet+FKAdditions.h in Headers */ = {isa = PBXBuildFile; fileRef = 9BBA862E15DAD8F000A99D13 /* NSIndexSet+FKAdditions.h */; settings = {ATTRIBUTES = (Public, ); }; };
		A9A0082A1E2021950068A936 /* UIAlertView+FKError.h in Headers */ = {isa = PBXBuildFile; fileRef = 9B6C025E142C69D7006F9812 /* UIAlertView+FKError.h */; settings = {ATTRIBUTES = (Public, ); }; };
		A9A0082B1E2021950068A936 /* UIBezierPath+FKDescription.h in Headers */ = {isa = PBXBuildFile; fileRef = 9BB4A6A916F1F60C0001EC76 /* UIBezierPath+FKDescription.h */; settings = {ATTRIBUTES = (Public, ); }; };
		A9A0082C1E2021950068A936 /* UICollectionReusableView+FKAdditions.h in Headers */ = {isa = PBXBuildFile; fileRef = 9B82A30817C77B2B00A74903 /* UICollectionReusableView+FKAdditions.h */; settings = {ATTRIBUTES = (Public, ); }; };
		A9A0082D1E2021950068A936 /* UIColor+FKAdditions.h in Headers */ = {isa = PBXBuildFile; fileRef = 39CFA5ED1422348600DC3E57 /* UIColor+FKAdditions.h */; settings = {ATTRIBUTES = (Public, ); }; };
		A9A0082E1E2021950068A936 /* UIDevice+FKAdditions.h in Headers */ = {isa = PBXBuildFile; fileRef = 39CFA5F51422398E00DC3E57 /* UIDevice+FKAdditions.h */; settings = {ATTRIBUTES = (Public, ); }; };
		A9A0082F1E2021950068A936 /* UIImage+FKAdditions.h in Headers */ = {isa = PBXBuildFile; fileRef = 39CC1E0D142F229F0017578F /* UIImage+FKAdditions.h */; settings = {ATTRIBUTES = (Public, ); }; };
		A9A008301E2021950068A936 /* UIImage+FKBlockDrawing.h in Headers */ = {isa = PBXBuildFile; fileRef = 9B8D783F165151EB00FE2ECC /* UIImage+FKBlockDrawing.h */; settings = {ATTRIBUTES = (Public, ); }; };
		A9A008311E2021950068A936 /* UIImageView+FKAdditions.h in Headers */ = {isa = PBXBuildFile; fileRef = 39CFA5F914223C1200DC3E57 /* UIImageView+FKAdditions.h */; settings = {ATTRIBUTES = (Public, ); }; };
		A9A008321E2021950068A936 /* UIResponder+FKFirstResponder.h in Headers */ = {isa = PBXBuildFile; fileRef = 9B527AEF18E461A300F14C5A /* UIResponder+FKFirstResponder.h */; settings = {ATTRIBUTES = (Public, ); }; };
		A9A008331E2021950068A936 /* UIScreen+FKAdditions.h in Headers */ = {isa = PBXBuildFile; fileRef = 3921679014266A060018BD5A /* UIScreen+FKAdditions.h */; settings = {ATTRIBUTES = (Public, ); }; };
		A9A008341E2021950068A936 /* UIScrollView+FKAdditions.h in Headers */ = {isa = PBXBuildFile; fileRef = 3921679414266BCA0018BD5A /* UIScrollView+FKAdditions.h */; settings = {ATTRIBUTES = (Public, ); }; };
		A9A008351E2021950068A936 /* UIScrollView+FKContentSize.h in Headers */ = {isa = PBXBuildFile; fileRef = 39CFA5FD14223CBE00DC3E57 /* UIScrollView+FKContentSize.h */; settings = {ATTRIBUTES = (Public, ); }; };
		A9A008361E2021950068A936 /* UITableView+FKLoading.h in Headers */ = {isa = PBXBuildFile; fileRef = 3931206E1428AF010095D5ED /* UITableView+FKLoading.h */; settings = {ATTRIBUTES = (Public, ); }; };
		A9A008371E2021950068A936 /* UITableViewCell+FKAdditions.h in Headers */ = {isa = PBXBuildFile; fileRef = 9B8D782116514AA200FE2ECC /* UITableViewCell+FKAdditions.h */; settings = {ATTRIBUTES = (Public, ); }; };
		A9A008381E2021950068A936 /* UITableViewCell+FKLoading.h in Headers */ = {isa = PBXBuildFile; fileRef = 3931206A1428AD6B0095D5ED /* UITableViewCell+FKLoading.h */; settings = {ATTRIBUTES = (Public, ); }; };
		A9A008391E2021950068A936 /* UITableViewHeaderFooterView+FKAdditions.h in Headers */ = {isa = PBXBuildFile; fileRef = 9B82A30C17C77B3E00A74903 /* UITableViewHeaderFooterView+FKAdditions.h */; settings = {ATTRIBUTES = (Public, ); }; };
		A9A0083A1E2021950068A936 /* UITouch+FKCentroid.h in Headers */ = {isa = PBXBuildFile; fileRef = 9B30EEE11778753E00056297 /* UITouch+FKCentroid.h */; settings = {ATTRIBUTES = (Public, ); }; };
		A9A0083B1E2021950068A936 /* UIView+FKAdditions.h in Headers */ = {isa = PBXBuildFile; fileRef = 39CFA60B1422437300DC3E57 /* UIView+FKAdditions.h */; settings = {ATTRIBUTES = (Public, ); }; };
		A9A0083C1E2021950068A936 /* UIView+FKAnimations.h in Headers */ = {isa = PBXBuildFile; fileRef = 39CFA60F14224AF400DC3E57 /* UIView+FKAnimations.h */; settings = {ATTRIBUTES = (Public, ); }; };
		A9A0083D1E2021950068A936 /* UIView+FKAutoresizing.h in Headers */ = {isa = PBXBuildFile; fileRef = 9B0B571514A6AD550071B6D2 /* UIView+FKAutoresizing.h */; settings = {ATTRIBUTES = (Public, ); }; };
		A9A0083E1E2021950068A936 /* UIView+FKContentSize.h in Headers */ = {isa = PBXBuildFile; fileRef = 39ACE7421422709B0022D8F8 /* UIView+FKContentSize.h */; settings = {ATTRIBUTES = (Public, ); }; };
		A9A0083F1E2021950068A936 /* UIView+FKHierarchy.h in Headers */ = {isa = PBXBuildFile; fileRef = 39CFA6071422423300DC3E57 /* UIView+FKHierarchy.h */; settings = {ATTRIBUTES = (Public, ); }; };
		A9A008401E2021950068A936 /* UIView+FKRotation.h in Headers */ = {isa = PBXBuildFile; fileRef = 39CFA5F1142234A600DC3E57 /* UIView+FKRotation.h */; settings = {ATTRIBUTES = (Public, ); }; };
		A9A008411E2021950068A936 /* UIViewController+FKAdditions.h in Headers */ = {isa = PBXBuildFile; fileRef = 393A299C142359C50056CB37 /* UIViewController+FKAdditions.h */; settings = {ATTRIBUTES = (Public, ); }; };
		A9A008421E2021950068A936 /* UIViewController+FKLoading.h in Headers */ = {isa = PBXBuildFile; fileRef = 39ACE81414228DC90022D8F8 /* UIViewController+FKLoading.h */; settings = {ATTRIBUTES = (Public, ); }; };
		A9A008431E2021950068A936 /* UIWebView+FKAdditions.h in Headers */ = {isa = PBXBuildFile; fileRef = 9BCBDF411472747C0074BFEB /* UIWebView+FKAdditions.h */; settings = {ATTRIBUTES = (Public, ); }; };
		A9A008441E2021950068A936 /* FKUniversal.h in Headers */ = {isa = PBXBuildFile; fileRef = 391393A713C9B84C0049DA61 /* FKUniversal.h */; settings = {ATTRIBUTES = (Public, ); }; };
		A9A008451E2021950068A936 /* FKBlurringView.h in Headers */ = {isa = PBXBuildFile; fileRef = 9BEF57A917C12BCE002FACDF /* FKBlurringView.h */; settings = {ATTRIBUTES = (Public, ); }; };
		A9A008461E2021950068A936 /* FKHairlineView.h in Headers */ = {isa = PBXBuildFile; fileRef = 9BA2D01D182AA87C003ACAD4 /* FKHairlineView.h */; settings = {ATTRIBUTES = (Public, ); }; };
		A9A008471E2021950068A936 /* FKView.h in Headers */ = {isa = PBXBuildFile; fileRef = 9B45437714953EF90076A950 /* FKView.h */; settings = {ATTRIBUTES = (Public, ); }; };
		A9B832C8261730CE00B20CE1 /* FoundationKit.xcframework in Frameworks */ = {isa = PBXBuildFile; fileRef = A9B832C7261730CE00B20CE1 /* FoundationKit.xcframework */; settings = {ATTRIBUTES = (Required, ); }; };
		D40800BE1844BE520071E67C /* FKTableViewCell.h in Headers */ = {isa = PBXBuildFile; fileRef = D40800BA1844BE520071E67C /* FKTableViewCell.h */; };
		D40800BF1844BE520071E67C /* FKTableViewCell.m in Sources */ = {isa = PBXBuildFile; fileRef = D40800BB1844BE520071E67C /* FKTableViewCell.m */; };
		D40800C01844BE520071E67C /* FKTableViewCellView.h in Headers */ = {isa = PBXBuildFile; fileRef = D40800BC1844BE520071E67C /* FKTableViewCellView.h */; };
		D40800C11844BE520071E67C /* FKTableViewCellView.m in Sources */ = {isa = PBXBuildFile; fileRef = D40800BD1844BE520071E67C /* FKTableViewCellView.m */; };
/* End PBXBuildFile section */

/* Begin PBXFileReference section */
		3913939813C9B8450049DA61 /* Prefix.pch */ = {isa = PBXFileReference; fileEncoding = 4; lastKnownFileType = sourcecode.c.h; name = Prefix.pch; path = Sources/Prefix.pch; sourceTree = SOURCE_ROOT; };
		391393A213C9B84C0049DA61 /* UIApplication+FKConcise.h */ = {isa = PBXFileReference; fileEncoding = 4; lastKnownFileType = sourcecode.c.h; path = "UIApplication+FKConcise.h"; sourceTree = "<group>"; };
		391393A413C9B84C0049DA61 /* UIScreen+FKConcise.h */ = {isa = PBXFileReference; fileEncoding = 4; lastKnownFileType = sourcecode.c.h; path = "UIScreen+FKConcise.h"; sourceTree = "<group>"; };
		391393A713C9B84C0049DA61 /* FKUniversal.h */ = {isa = PBXFileReference; fileEncoding = 4; lastKnownFileType = sourcecode.c.h; path = FKUniversal.h; sourceTree = "<group>"; };
		3921679014266A060018BD5A /* UIScreen+FKAdditions.h */ = {isa = PBXFileReference; fileEncoding = 4; lastKnownFileType = sourcecode.c.h; name = "UIScreen+FKAdditions.h"; path = "UIKit/UIScreen+FKAdditions.h"; sourceTree = "<group>"; };
		3921679114266A060018BD5A /* UIScreen+FKAdditions.m */ = {isa = PBXFileReference; fileEncoding = 4; lastKnownFileType = sourcecode.c.objc; name = "UIScreen+FKAdditions.m"; path = "UIKit/UIScreen+FKAdditions.m"; sourceTree = "<group>"; };
		3921679414266BCA0018BD5A /* UIScrollView+FKAdditions.h */ = {isa = PBXFileReference; fileEncoding = 4; lastKnownFileType = sourcecode.c.h; name = "UIScrollView+FKAdditions.h"; path = "UIKit/UIScrollView+FKAdditions.h"; sourceTree = "<group>"; };
		3921679514266BCB0018BD5A /* UIScrollView+FKAdditions.m */ = {isa = PBXFileReference; fileEncoding = 4; lastKnownFileType = sourcecode.c.objc; name = "UIScrollView+FKAdditions.m"; path = "UIKit/UIScrollView+FKAdditions.m"; sourceTree = "<group>"; };
		3931206A1428AD6B0095D5ED /* UITableViewCell+FKLoading.h */ = {isa = PBXFileReference; fileEncoding = 4; lastKnownFileType = sourcecode.c.h; name = "UITableViewCell+FKLoading.h"; path = "UIKit/UITableViewCell+FKLoading.h"; sourceTree = "<group>"; };
		3931206B1428AD6B0095D5ED /* UITableViewCell+FKLoading.m */ = {isa = PBXFileReference; fileEncoding = 4; lastKnownFileType = sourcecode.c.objc; name = "UITableViewCell+FKLoading.m"; path = "UIKit/UITableViewCell+FKLoading.m"; sourceTree = "<group>"; };
		3931206E1428AF010095D5ED /* UITableView+FKLoading.h */ = {isa = PBXFileReference; fileEncoding = 4; lastKnownFileType = sourcecode.c.h; name = "UITableView+FKLoading.h"; path = "UIKit/UITableView+FKLoading.h"; sourceTree = "<group>"; };
		3931206F1428AF010095D5ED /* UITableView+FKLoading.m */ = {isa = PBXFileReference; fileEncoding = 4; lastKnownFileType = sourcecode.c.objc; name = "UITableView+FKLoading.m"; path = "UIKit/UITableView+FKLoading.m"; sourceTree = "<group>"; };
		393A2999142359550056CB37 /* CoreGraphics.framework */ = {isa = PBXFileReference; lastKnownFileType = wrapper.framework; name = CoreGraphics.framework; path = System/Library/Frameworks/CoreGraphics.framework; sourceTree = SDKROOT; };
		393A299C142359C50056CB37 /* UIViewController+FKAdditions.h */ = {isa = PBXFileReference; fileEncoding = 4; lastKnownFileType = sourcecode.c.h; name = "UIViewController+FKAdditions.h"; path = "UIKit/UIViewController+FKAdditions.h"; sourceTree = "<group>"; };
		393A299D142359C50056CB37 /* UIViewController+FKAdditions.m */ = {isa = PBXFileReference; fileEncoding = 4; lastKnownFileType = sourcecode.c.objc; name = "UIViewController+FKAdditions.m"; path = "UIKit/UIViewController+FKAdditions.m"; sourceTree = "<group>"; };
		397F81BC14261227006B98BD /* UITableViewCell+FKConcise.h */ = {isa = PBXFileReference; fileEncoding = 4; lastKnownFileType = sourcecode.c.h; path = "UITableViewCell+FKConcise.h"; sourceTree = "<group>"; };
		397F81BD14261227006B98BD /* UITableViewCell+FKConcise.m */ = {isa = PBXFileReference; fileEncoding = 4; lastKnownFileType = sourcecode.c.objc; path = "UITableViewCell+FKConcise.m"; sourceTree = "<group>"; };
		39AA0F731429091A00C6956C /* NSIndexPath+FKAdditions.h */ = {isa = PBXFileReference; fileEncoding = 4; lastKnownFileType = sourcecode.c.h; name = "NSIndexPath+FKAdditions.h"; path = "TableView/NSIndexPath+FKAdditions.h"; sourceTree = "<group>"; };
		39AA0F741429091A00C6956C /* NSIndexPath+FKAdditions.m */ = {isa = PBXFileReference; fileEncoding = 4; lastKnownFileType = sourcecode.c.objc; name = "NSIndexPath+FKAdditions.m"; path = "TableView/NSIndexPath+FKAdditions.m"; sourceTree = "<group>"; };
		39ACE7421422709B0022D8F8 /* UIView+FKContentSize.h */ = {isa = PBXFileReference; fileEncoding = 4; lastKnownFileType = sourcecode.c.h; name = "UIView+FKContentSize.h"; path = "UIKit/UIView+FKContentSize.h"; sourceTree = "<group>"; };
		39ACE7431422709B0022D8F8 /* UIView+FKContentSize.m */ = {isa = PBXFileReference; fileEncoding = 4; lastKnownFileType = sourcecode.c.objc; name = "UIView+FKContentSize.m"; path = "UIKit/UIView+FKContentSize.m"; sourceTree = "<group>"; };
		39ACE81414228DC90022D8F8 /* UIViewController+FKLoading.h */ = {isa = PBXFileReference; fileEncoding = 4; lastKnownFileType = sourcecode.c.h; name = "UIViewController+FKLoading.h"; path = "UIKit/UIViewController+FKLoading.h"; sourceTree = "<group>"; };
		39ACE81514228DCB0022D8F8 /* UIViewController+FKLoading.m */ = {isa = PBXFileReference; fileEncoding = 4; lastKnownFileType = sourcecode.c.objc; name = "UIViewController+FKLoading.m"; path = "UIKit/UIViewController+FKLoading.m"; sourceTree = "<group>"; };
		39CC1E0D142F229F0017578F /* UIImage+FKAdditions.h */ = {isa = PBXFileReference; fileEncoding = 4; lastKnownFileType = sourcecode.c.h; name = "UIImage+FKAdditions.h"; path = "UIKit/UIImage+FKAdditions.h"; sourceTree = "<group>"; };
		39CC1E0E142F229F0017578F /* UIImage+FKAdditions.m */ = {isa = PBXFileReference; fileEncoding = 4; lastKnownFileType = sourcecode.c.objc; name = "UIImage+FKAdditions.m"; path = "UIKit/UIImage+FKAdditions.m"; sourceTree = "<group>"; };
		39CFA5ED1422348600DC3E57 /* UIColor+FKAdditions.h */ = {isa = PBXFileReference; fileEncoding = 4; lastKnownFileType = sourcecode.c.h; name = "UIColor+FKAdditions.h"; path = "UIKit/UIColor+FKAdditions.h"; sourceTree = "<group>"; };
		39CFA5EE1422348600DC3E57 /* UIColor+FKAdditions.m */ = {isa = PBXFileReference; fileEncoding = 4; lastKnownFileType = sourcecode.c.objc; name = "UIColor+FKAdditions.m"; path = "UIKit/UIColor+FKAdditions.m"; sourceTree = "<group>"; };
		39CFA5F1142234A600DC3E57 /* UIView+FKRotation.h */ = {isa = PBXFileReference; fileEncoding = 4; lastKnownFileType = sourcecode.c.h; name = "UIView+FKRotation.h"; path = "UIKit/UIView+FKRotation.h"; sourceTree = "<group>"; };
		39CFA5F2142234A600DC3E57 /* UIView+FKRotation.m */ = {isa = PBXFileReference; fileEncoding = 4; lastKnownFileType = sourcecode.c.objc; name = "UIView+FKRotation.m"; path = "UIKit/UIView+FKRotation.m"; sourceTree = "<group>"; };
		39CFA5F51422398E00DC3E57 /* UIDevice+FKAdditions.h */ = {isa = PBXFileReference; fileEncoding = 4; lastKnownFileType = sourcecode.c.h; name = "UIDevice+FKAdditions.h"; path = "UIKit/UIDevice+FKAdditions.h"; sourceTree = "<group>"; };
		39CFA5F61422398E00DC3E57 /* UIDevice+FKAdditions.m */ = {isa = PBXFileReference; fileEncoding = 4; lastKnownFileType = sourcecode.c.objc; name = "UIDevice+FKAdditions.m"; path = "UIKit/UIDevice+FKAdditions.m"; sourceTree = "<group>"; };
		39CFA5F914223C1200DC3E57 /* UIImageView+FKAdditions.h */ = {isa = PBXFileReference; fileEncoding = 4; lastKnownFileType = sourcecode.c.h; name = "UIImageView+FKAdditions.h"; path = "UIKit/UIImageView+FKAdditions.h"; sourceTree = "<group>"; };
		39CFA5FA14223C1200DC3E57 /* UIImageView+FKAdditions.m */ = {isa = PBXFileReference; fileEncoding = 4; lastKnownFileType = sourcecode.c.objc; name = "UIImageView+FKAdditions.m"; path = "UIKit/UIImageView+FKAdditions.m"; sourceTree = "<group>"; };
		39CFA5FD14223CBE00DC3E57 /* UIScrollView+FKContentSize.h */ = {isa = PBXFileReference; fileEncoding = 4; lastKnownFileType = sourcecode.c.h; name = "UIScrollView+FKContentSize.h"; path = "UIKit/UIScrollView+FKContentSize.h"; sourceTree = "<group>"; };
		39CFA5FE14223CBE00DC3E57 /* UIScrollView+FKContentSize.m */ = {isa = PBXFileReference; fileEncoding = 4; lastKnownFileType = sourcecode.c.objc; name = "UIScrollView+FKContentSize.m"; path = "UIKit/UIScrollView+FKContentSize.m"; sourceTree = "<group>"; };
		39CFA60114223E6300DC3E57 /* QuartzCore.framework */ = {isa = PBXFileReference; lastKnownFileType = wrapper.framework; name = QuartzCore.framework; path = System/Library/Frameworks/QuartzCore.framework; sourceTree = SDKROOT; };
		39CFA6071422423300DC3E57 /* UIView+FKHierarchy.h */ = {isa = PBXFileReference; fileEncoding = 4; lastKnownFileType = sourcecode.c.h; name = "UIView+FKHierarchy.h"; path = "UIKit/UIView+FKHierarchy.h"; sourceTree = "<group>"; };
		39CFA6081422423400DC3E57 /* UIView+FKHierarchy.m */ = {isa = PBXFileReference; fileEncoding = 4; lastKnownFileType = sourcecode.c.objc; name = "UIView+FKHierarchy.m"; path = "UIKit/UIView+FKHierarchy.m"; sourceTree = "<group>"; };
		39CFA60B1422437300DC3E57 /* UIView+FKAdditions.h */ = {isa = PBXFileReference; fileEncoding = 4; lastKnownFileType = sourcecode.c.h; name = "UIView+FKAdditions.h"; path = "UIKit/UIView+FKAdditions.h"; sourceTree = "<group>"; };
		39CFA60C1422437400DC3E57 /* UIView+FKAdditions.m */ = {isa = PBXFileReference; fileEncoding = 4; lastKnownFileType = sourcecode.c.objc; name = "UIView+FKAdditions.m"; path = "UIKit/UIView+FKAdditions.m"; sourceTree = "<group>"; };
		39CFA60F14224AF400DC3E57 /* UIView+FKAnimations.h */ = {isa = PBXFileReference; fileEncoding = 4; lastKnownFileType = sourcecode.c.h; name = "UIView+FKAnimations.h"; path = "UIKit/UIView+FKAnimations.h"; sourceTree = "<group>"; };
		39CFA61014224AF600DC3E57 /* UIView+FKAnimations.m */ = {isa = PBXFileReference; fileEncoding = 4; lastKnownFileType = sourcecode.c.objc; name = "UIView+FKAnimations.m"; path = "UIKit/UIView+FKAnimations.m"; sourceTree = "<group>"; };
		39DEEAE2143CE29500B81BB5 /* FKSoundEffect.h */ = {isa = PBXFileReference; fileEncoding = 4; lastKnownFileType = sourcecode.c.h; path = FKSoundEffect.h; sourceTree = "<group>"; };
		39DEEAE3143CE29500B81BB5 /* FKSoundEffect.m */ = {isa = PBXFileReference; fileEncoding = 4; lastKnownFileType = sourcecode.c.objc; path = FKSoundEffect.m; sourceTree = "<group>"; };
		39DF5CDC1424A08C00090805 /* FKColoredAccessoryView.h */ = {isa = PBXFileReference; fileEncoding = 4; lastKnownFileType = sourcecode.c.h; name = FKColoredAccessoryView.h; path = TableView/FKColoredAccessoryView.h; sourceTree = "<group>"; };
		39DF5CDD1424A08C00090805 /* FKColoredAccessoryView.m */ = {isa = PBXFileReference; fileEncoding = 4; lastKnownFileType = sourcecode.c.objc; name = FKColoredAccessoryView.m; path = TableView/FKColoredAccessoryView.m; sourceTree = "<group>"; };
		39DF5D751424B62000090805 /* FKNetworkActivityManager.h */ = {isa = PBXFileReference; fileEncoding = 4; lastKnownFileType = sourcecode.c.h; name = FKNetworkActivityManager.h; path = Network/FKNetworkActivityManager.h; sourceTree = "<group>"; };
		39DF5D761424B62000090805 /* FKNetworkActivityManager.m */ = {isa = PBXFileReference; fileEncoding = 4; lastKnownFileType = sourcecode.c.objc; name = FKNetworkActivityManager.m; path = Network/FKNetworkActivityManager.m; sourceTree = "<group>"; };
		39F5165F13C8E3F3008A9732 /* libiOSKitLibrary.a */ = {isa = PBXFileReference; explicitFileType = archive.ar; includeInIndex = 0; path = libiOSKitLibrary.a; sourceTree = BUILT_PRODUCTS_DIR; };
		39F5166213C8E3F3008A9732 /* Foundation.framework */ = {isa = PBXFileReference; lastKnownFileType = wrapper.framework; name = Foundation.framework; path = System/Library/Frameworks/Foundation.framework; sourceTree = SDKROOT; };
		9B0B571514A6AD550071B6D2 /* UIView+FKAutoresizing.h */ = {isa = PBXFileReference; fileEncoding = 4; lastKnownFileType = sourcecode.c.h; name = "UIView+FKAutoresizing.h"; path = "UIKit/UIView+FKAutoresizing.h"; sourceTree = "<group>"; };
		9B30EEE11778753E00056297 /* UITouch+FKCentroid.h */ = {isa = PBXFileReference; fileEncoding = 4; lastKnownFileType = sourcecode.c.h; name = "UITouch+FKCentroid.h"; path = "UIKit/UITouch+FKCentroid.h"; sourceTree = "<group>"; };
		9B30EEE21778753F00056297 /* UITouch+FKCentroid.m */ = {isa = PBXFileReference; fileEncoding = 4; lastKnownFileType = sourcecode.c.objc; name = "UITouch+FKCentroid.m"; path = "UIKit/UITouch+FKCentroid.m"; sourceTree = "<group>"; };
		9B45437714953EF90076A950 /* FKView.h */ = {isa = PBXFileReference; fileEncoding = 4; lastKnownFileType = sourcecode.c.h; name = FKView.h; path = Views/FKView.h; sourceTree = "<group>"; };
		9B45437814953EF90076A950 /* FKView.m */ = {isa = PBXFileReference; fileEncoding = 4; lastKnownFileType = sourcecode.c.objc; name = FKView.m; path = Views/FKView.m; sourceTree = "<group>"; };
		9B527AEF18E461A300F14C5A /* UIResponder+FKFirstResponder.h */ = {isa = PBXFileReference; fileEncoding = 4; lastKnownFileType = sourcecode.c.h; name = "UIResponder+FKFirstResponder.h"; path = "UIKit/UIResponder+FKFirstResponder.h"; sourceTree = "<group>"; };
		9B527AF018E461A300F14C5A /* UIResponder+FKFirstResponder.m */ = {isa = PBXFileReference; fileEncoding = 4; lastKnownFileType = sourcecode.c.objc; name = "UIResponder+FKFirstResponder.m"; path = "UIKit/UIResponder+FKFirstResponder.m"; sourceTree = "<group>"; };
		9B54E80F14269B7D00336F08 /* CGGeometry+FKAdditions.h */ = {isa = PBXFileReference; fileEncoding = 4; lastKnownFileType = sourcecode.c.h; name = "CGGeometry+FKAdditions.h"; path = "Core/CGGeometry+FKAdditions.h"; sourceTree = "<group>"; };
		9B54E81314269C2F00336F08 /* FKiOSMetrics.h */ = {isa = PBXFileReference; fileEncoding = 4; lastKnownFileType = sourcecode.c.h; name = FKiOSMetrics.h; path = Core/FKiOSMetrics.h; sourceTree = "<group>"; };
		9B54E81514269C6600336F08 /* UIInterfaceOrientation+FKAdditions.h */ = {isa = PBXFileReference; fileEncoding = 4; lastKnownFileType = sourcecode.c.h; name = "UIInterfaceOrientation+FKAdditions.h"; path = "Core/UIInterfaceOrientation+FKAdditions.h"; sourceTree = "<group>"; };
		9B63F33114726E3F00E30D13 /* UIBarButtonItem+FKConcise.h */ = {isa = PBXFileReference; fileEncoding = 4; lastKnownFileType = sourcecode.c.h; path = "UIBarButtonItem+FKConcise.h"; sourceTree = "<group>"; };
		9B63F33214726E3F00E30D13 /* UIBarButtonItem+FKConcise.m */ = {isa = PBXFileReference; fileEncoding = 4; lastKnownFileType = sourcecode.c.objc; path = "UIBarButtonItem+FKConcise.m"; sourceTree = "<group>"; };
		9B6C025A142BD444006F9812 /* FKiOSDrawing.h */ = {isa = PBXFileReference; fileEncoding = 4; lastKnownFileType = sourcecode.c.h; name = FKiOSDrawing.h; path = Core/FKiOSDrawing.h; sourceTree = "<group>"; };
		9B6C025C142BD583006F9812 /* FKiOSDrawing.m */ = {isa = PBXFileReference; fileEncoding = 4; lastKnownFileType = sourcecode.c.objc; name = FKiOSDrawing.m; path = Core/FKiOSDrawing.m; sourceTree = "<group>"; };
		9B6C025E142C69D7006F9812 /* UIAlertView+FKError.h */ = {isa = PBXFileReference; fileEncoding = 4; lastKnownFileType = sourcecode.c.h; name = "UIAlertView+FKError.h"; path = "UIKit/UIAlertView+FKError.h"; sourceTree = "<group>"; };
		9B6C025F142C69DE006F9812 /* UIAlertView+FKError.m */ = {isa = PBXFileReference; fileEncoding = 4; lastKnownFileType = sourcecode.c.objc; name = "UIAlertView+FKError.m"; path = "UIKit/UIAlertView+FKError.m"; sourceTree = "<group>"; };
		9B82A30817C77B2B00A74903 /* UICollectionReusableView+FKAdditions.h */ = {isa = PBXFileReference; fileEncoding = 4; lastKnownFileType = sourcecode.c.h; name = "UICollectionReusableView+FKAdditions.h"; path = "UIKit/UICollectionReusableView+FKAdditions.h"; sourceTree = "<group>"; };
		9B82A30917C77B2B00A74903 /* UICollectionReusableView+FKAdditions.m */ = {isa = PBXFileReference; fileEncoding = 4; lastKnownFileType = sourcecode.c.objc; name = "UICollectionReusableView+FKAdditions.m"; path = "UIKit/UICollectionReusableView+FKAdditions.m"; sourceTree = "<group>"; };
		9B82A30C17C77B3E00A74903 /* UITableViewHeaderFooterView+FKAdditions.h */ = {isa = PBXFileReference; fileEncoding = 4; lastKnownFileType = sourcecode.c.h; name = "UITableViewHeaderFooterView+FKAdditions.h"; path = "UIKit/UITableViewHeaderFooterView+FKAdditions.h"; sourceTree = "<group>"; };
		9B82A30D17C77B3E00A74903 /* UITableViewHeaderFooterView+FKAdditions.m */ = {isa = PBXFileReference; fileEncoding = 4; lastKnownFileType = sourcecode.c.objc; name = "UITableViewHeaderFooterView+FKAdditions.m"; path = "UIKit/UITableViewHeaderFooterView+FKAdditions.m"; sourceTree = "<group>"; };
		9B82D40215570F5900D01584 /* FKAudioRouteChange.h */ = {isa = PBXFileReference; lastKnownFileType = sourcecode.c.h; path = FKAudioRouteChange.h; sourceTree = "<group>"; };
		9B82D40315570F5900D01584 /* FKAudioRouteChange.m */ = {isa = PBXFileReference; lastKnownFileType = sourcecode.c.objc; path = FKAudioRouteChange.m; sourceTree = "<group>"; };
		9B8D782116514AA200FE2ECC /* UITableViewCell+FKAdditions.h */ = {isa = PBXFileReference; fileEncoding = 4; lastKnownFileType = sourcecode.c.h; name = "UITableViewCell+FKAdditions.h"; path = "UIKit/UITableViewCell+FKAdditions.h"; sourceTree = "<group>"; };
		9B8D782216514AA200FE2ECC /* UITableViewCell+FKAdditions.m */ = {isa = PBXFileReference; fileEncoding = 4; lastKnownFileType = sourcecode.c.objc; name = "UITableViewCell+FKAdditions.m"; path = "UIKit/UITableViewCell+FKAdditions.m"; sourceTree = "<group>"; };
		9B8D783F165151EB00FE2ECC /* UIImage+FKBlockDrawing.h */ = {isa = PBXFileReference; fileEncoding = 4; lastKnownFileType = sourcecode.c.h; name = "UIImage+FKBlockDrawing.h"; path = "UIKit/UIImage+FKBlockDrawing.h"; sourceTree = "<group>"; };
		9B8D7840165151EB00FE2ECC /* UIImage+FKBlockDrawing.m */ = {isa = PBXFileReference; fileEncoding = 4; lastKnownFileType = sourcecode.c.objc; name = "UIImage+FKBlockDrawing.m"; path = "UIKit/UIImage+FKBlockDrawing.m"; sourceTree = "<group>"; };
		9BA2D01D182AA87C003ACAD4 /* FKHairlineView.h */ = {isa = PBXFileReference; fileEncoding = 4; lastKnownFileType = sourcecode.c.h; name = FKHairlineView.h; path = Views/FKHairlineView.h; sourceTree = "<group>"; };
		9BA2D01E182AA87C003ACAD4 /* FKHairlineView.m */ = {isa = PBXFileReference; fileEncoding = 4; lastKnownFileType = sourcecode.c.objc; name = FKHairlineView.m; path = Views/FKHairlineView.m; sourceTree = "<group>"; };
		9BB4A6A916F1F60C0001EC76 /* UIBezierPath+FKDescription.h */ = {isa = PBXFileReference; fileEncoding = 4; lastKnownFileType = sourcecode.c.h; name = "UIBezierPath+FKDescription.h"; path = "UIKit/UIBezierPath+FKDescription.h"; sourceTree = "<group>"; };
		9BB4A6AA16F1F60C0001EC76 /* UIBezierPath+FKDescription.m */ = {isa = PBXFileReference; fileEncoding = 4; lastKnownFileType = sourcecode.c.objc; name = "UIBezierPath+FKDescription.m"; path = "UIKit/UIBezierPath+FKDescription.m"; sourceTree = "<group>"; };
		9BBA862E15DAD8F000A99D13 /* NSIndexSet+FKAdditions.h */ = {isa = PBXFileReference; fileEncoding = 4; lastKnownFileType = sourcecode.c.h; name = "NSIndexSet+FKAdditions.h"; path = "TableView/NSIndexSet+FKAdditions.h"; sourceTree = "<group>"; };
		9BBA862F15DAD8F000A99D13 /* NSIndexSet+FKAdditions.m */ = {isa = PBXFileReference; fileEncoding = 4; lastKnownFileType = sourcecode.c.objc; name = "NSIndexSet+FKAdditions.m"; path = "TableView/NSIndexSet+FKAdditions.m"; sourceTree = "<group>"; };
		9BBBF3FF143AF00D00071ABD /* UIButton+FKConcise.h */ = {isa = PBXFileReference; fileEncoding = 4; lastKnownFileType = sourcecode.c.h; path = "UIButton+FKConcise.h"; sourceTree = "<group>"; };
		9BBBF400143AF00D00071ABD /* UIButton+FKConcise.m */ = {isa = PBXFileReference; fileEncoding = 4; lastKnownFileType = sourcecode.c.objc; path = "UIButton+FKConcise.m"; sourceTree = "<group>"; };
		9BCA532214891A5700918E87 /* FKInterApp.h */ = {isa = PBXFileReference; fileEncoding = 4; lastKnownFileType = sourcecode.c.h; name = FKInterApp.h; path = Communication/FKInterApp.h; sourceTree = "<group>"; };
		9BCA532314891A5700918E87 /* FKInterApp.m */ = {isa = PBXFileReference; fileEncoding = 4; lastKnownFileType = sourcecode.c.objc; name = FKInterApp.m; path = Communication/FKInterApp.m; sourceTree = "<group>"; };
		9BCBDF411472747C0074BFEB /* UIWebView+FKAdditions.h */ = {isa = PBXFileReference; fileEncoding = 4; lastKnownFileType = sourcecode.c.h; name = "UIWebView+FKAdditions.h"; path = "UIKit/UIWebView+FKAdditions.h"; sourceTree = "<group>"; };
		9BCBDF421472747C0074BFEB /* UIWebView+FKAdditions.m */ = {isa = PBXFileReference; fileEncoding = 4; lastKnownFileType = sourcecode.c.objc; name = "UIWebView+FKAdditions.m"; path = "UIKit/UIWebView+FKAdditions.m"; sourceTree = "<group>"; };
		9BDD922D148A8FE6008E21A1 /* FKBrowserViewController.h */ = {isa = PBXFileReference; fileEncoding = 4; lastKnownFileType = sourcecode.c.h; name = FKBrowserViewController.h; path = Network/FKBrowserViewController.h; sourceTree = "<group>"; };
		9BDD922E148A8FE6008E21A1 /* FKBrowserViewController.m */ = {isa = PBXFileReference; fileEncoding = 4; lastKnownFileType = sourcecode.c.objc; name = FKBrowserViewController.m; path = Network/FKBrowserViewController.m; sourceTree = "<group>"; };
		9BDD9263148AA9BD008E21A1 /* MessageUI.framework */ = {isa = PBXFileReference; lastKnownFileType = wrapper.framework; name = MessageUI.framework; path = System/Library/Frameworks/MessageUI.framework; sourceTree = SDKROOT; };
		9BE4253C14470FA40036D399 /* FKAudioFunctions.h */ = {isa = PBXFileReference; lastKnownFileType = sourcecode.c.h; path = FKAudioFunctions.h; sourceTree = "<group>"; };
		9BEF57A917C12BCE002FACDF /* FKBlurringView.h */ = {isa = PBXFileReference; fileEncoding = 4; lastKnownFileType = sourcecode.c.h; name = FKBlurringView.h; path = Views/FKBlurringView.h; sourceTree = "<group>"; };
		9BEF57AA17C12BCE002FACDF /* FKBlurringView.m */ = {isa = PBXFileReference; fileEncoding = 4; lastKnownFileType = sourcecode.c.objc; name = FKBlurringView.m; path = Views/FKBlurringView.m; sourceTree = "<group>"; };
		A98C3E052389EDDF00CBAE67 /* iOSKit.podspec */ = {isa = PBXFileReference; lastKnownFileType = text; path = iOSKit.podspec; sourceTree = "<group>"; };
		A98C3E2B2389F02600CBAE67 /* browser-forward@2x.png */ = {isa = PBXFileReference; lastKnownFileType = image.png; name = "browser-forward@2x.png"; path = "Resources/browser-forward@2x.png"; sourceTree = "<group>"; };
		A98C3E2C2389F02700CBAE67 /* browser-back.png */ = {isa = PBXFileReference; lastKnownFileType = image.png; name = "browser-back.png"; path = "Resources/browser-back.png"; sourceTree = "<group>"; };
		A98C3E2D2389F02700CBAE67 /* browser-action@2x.png */ = {isa = PBXFileReference; lastKnownFileType = image.png; name = "browser-action@2x.png"; path = "Resources/browser-action@2x.png"; sourceTree = "<group>"; };
		A98C3E2E2389F02700CBAE67 /* browser-cancel@2x.png */ = {isa = PBXFileReference; lastKnownFileType = image.png; name = "browser-cancel@2x.png"; path = "Resources/browser-cancel@2x.png"; sourceTree = "<group>"; };
		A98C3E2F2389F02700CBAE67 /* browser-reload-legacy@2x.png */ = {isa = PBXFileReference; lastKnownFileType = image.png; name = "browser-reload-legacy@2x.png"; path = "Resources/browser-reload-legacy@2x.png"; sourceTree = "<group>"; };
		A98C3E302389F02700CBAE67 /* browser-reload@2x.png */ = {isa = PBXFileReference; lastKnownFileType = image.png; name = "browser-reload@2x.png"; path = "Resources/browser-reload@2x.png"; sourceTree = "<group>"; };
		A98C3E312389F02700CBAE67 /* browser-forward-legacy@2x.png */ = {isa = PBXFileReference; lastKnownFileType = image.png; name = "browser-forward-legacy@2x.png"; path = "Resources/browser-forward-legacy@2x.png"; sourceTree = "<group>"; };
		A98C3E322389F02700CBAE67 /* browser-forward-legacy.png */ = {isa = PBXFileReference; lastKnownFileType = image.png; name = "browser-forward-legacy.png"; path = "Resources/browser-forward-legacy.png"; sourceTree = "<group>"; };
		A98C3E332389F02700CBAE67 /* browser-back-legacy.png */ = {isa = PBXFileReference; lastKnownFileType = image.png; name = "browser-back-legacy.png"; path = "Resources/browser-back-legacy.png"; sourceTree = "<group>"; };
		A98C3E342389F02700CBAE67 /* browser-action.png */ = {isa = PBXFileReference; lastKnownFileType = image.png; name = "browser-action.png"; path = "Resources/browser-action.png"; sourceTree = "<group>"; };
		A98C3E352389F02700CBAE67 /* browser-cancel-legacy.png */ = {isa = PBXFileReference; lastKnownFileType = image.png; name = "browser-cancel-legacy.png"; path = "Resources/browser-cancel-legacy.png"; sourceTree = "<group>"; };
		A98C3E362389F02700CBAE67 /* browser-cancel.png */ = {isa = PBXFileReference; lastKnownFileType = image.png; name = "browser-cancel.png"; path = "Resources/browser-cancel.png"; sourceTree = "<group>"; };
		A98C3E372389F02700CBAE67 /* browser-back@2x.png */ = {isa = PBXFileReference; lastKnownFileType = image.png; name = "browser-back@2x.png"; path = "Resources/browser-back@2x.png"; sourceTree = "<group>"; };
		A98C3E382389F02700CBAE67 /* browser-reload.png */ = {isa = PBXFileReference; lastKnownFileType = image.png; name = "browser-reload.png"; path = "Resources/browser-reload.png"; sourceTree = "<group>"; };
		A98C3E392389F02700CBAE67 /* browser-forward.png */ = {isa = PBXFileReference; lastKnownFileType = image.png; name = "browser-forward.png"; path = "Resources/browser-forward.png"; sourceTree = "<group>"; };
		A98C3E3A2389F02700CBAE67 /* browser-back-legacy@2x.png */ = {isa = PBXFileReference; lastKnownFileType = image.png; name = "browser-back-legacy@2x.png"; path = "Resources/browser-back-legacy@2x.png"; sourceTree = "<group>"; };
		A98C3E3B2389F02700CBAE67 /* browser-cancel-legacy@2x.png */ = {isa = PBXFileReference; lastKnownFileType = image.png; name = "browser-cancel-legacy@2x.png"; path = "Resources/browser-cancel-legacy@2x.png"; sourceTree = "<group>"; };
		A98C3E3C2389F02700CBAE67 /* browser-reload-legacy.png */ = {isa = PBXFileReference; lastKnownFileType = image.png; name = "browser-reload-legacy.png"; path = "Resources/browser-reload-legacy.png"; sourceTree = "<group>"; };
		A9A007E91E2021000068A936 /* iOSKit.framework */ = {isa = PBXFileReference; explicitFileType = wrapper.framework; includeInIndex = 0; path = iOSKit.framework; sourceTree = BUILT_PRODUCTS_DIR; };
		A9A007EB1E2021000068A936 /* iOSKit.h */ = {isa = PBXFileReference; lastKnownFileType = sourcecode.c.h; path = iOSKit.h; sourceTree = "<group>"; };
		A9A007EC1E2021000068A936 /* Info.plist */ = {isa = PBXFileReference; lastKnownFileType = text.plist.xml; path = Info.plist; sourceTree = "<group>"; };
		A9A3692C20E1629E00BD30AC /* Cartfile */ = {isa = PBXFileReference; lastKnownFileType = text; path = Cartfile; sourceTree = "<group>"; };
		A9B832C7261730CE00B20CE1 /* FoundationKit.xcframework */ = {isa = PBXFileReference; lastKnownFileType = wrapper.xcframework; name = FoundationKit.xcframework; path = Carthage/Build/FoundationKit.xcframework; sourceTree = "<group>"; };
		D40800BA1844BE520071E67C /* FKTableViewCell.h */ = {isa = PBXFileReference; fileEncoding = 4; lastKnownFileType = sourcecode.c.h; name = FKTableViewCell.h; path = TableView/FKTableViewCell.h; sourceTree = "<group>"; };
		D40800BB1844BE520071E67C /* FKTableViewCell.m */ = {isa = PBXFileReference; fileEncoding = 4; lastKnownFileType = sourcecode.c.objc; name = FKTableViewCell.m; path = TableView/FKTableViewCell.m; sourceTree = "<group>"; };
		D40800BC1844BE520071E67C /* FKTableViewCellView.h */ = {isa = PBXFileReference; fileEncoding = 4; lastKnownFileType = sourcecode.c.h; name = FKTableViewCellView.h; path = TableView/FKTableViewCellView.h; sourceTree = "<group>"; };
		D40800BD1844BE520071E67C /* FKTableViewCellView.m */ = {isa = PBXFileReference; fileEncoding = 4; lastKnownFileType = sourcecode.c.objc; name = FKTableViewCellView.m; path = TableView/FKTableViewCellView.m; sourceTree = "<group>"; };
/* End PBXFileReference section */

/* Begin PBXFrameworksBuildPhase section */
		39F5165C13C8E3F3008A9732 /* Frameworks */ = {
			isa = PBXFrameworksBuildPhase;
			buildActionMask = 2147483647;
			files = (
				9BDD9264148AA9BD008E21A1 /* MessageUI.framework in Frameworks */,
				393A299A142359550056CB37 /* CoreGraphics.framework in Frameworks */,
				39CFA60214223E6300DC3E57 /* QuartzCore.framework in Frameworks */,
				39F5166313C8E3F3008A9732 /* Foundation.framework in Frameworks */,
			);
			runOnlyForDeploymentPostprocessing = 0;
		};
		A9A007E51E2021000068A936 /* Frameworks */ = {
			isa = PBXFrameworksBuildPhase;
			buildActionMask = 2147483647;
			files = (
				A9B832C8261730CE00B20CE1 /* FoundationKit.xcframework in Frameworks */,
			);
			runOnlyForDeploymentPostprocessing = 0;
		};
/* End PBXFrameworksBuildPhase section */

/* Begin PBXGroup section */
		3913939A13C9B84C0049DA61 /* Sources */ = {
			isa = PBXGroup;
			children = (
				9B54E80E14269B5500336F08 /* Core */,
				9BCA5321148919C800918E87 /* Communication */,
				39DF5D741424B5EC00090805 /* Network */,
				9BC1CD731431CF9800A5098D /* Optional */,
				391393A013C9B84C0049DA61 /* Shorthands */,
				39DF5CDB1424A05B00090805 /* TableView */,
				9B297200141B7EF9006124A2 /* UIKit */,
				391393A613C9B84C0049DA61 /* Universal */,
				9B45437614953EB30076A950 /* Views */,
			);
			path = Sources;
			sourceTree = "<group>";
		};
		391393A013C9B84C0049DA61 /* Shorthands */ = {
			isa = PBXGroup;
			children = (
				391393A213C9B84C0049DA61 /* UIApplication+FKConcise.h */,
				9B63F33114726E3F00E30D13 /* UIBarButtonItem+FKConcise.h */,
				9B63F33214726E3F00E30D13 /* UIBarButtonItem+FKConcise.m */,
				9BBBF3FF143AF00D00071ABD /* UIButton+FKConcise.h */,
				9BBBF400143AF00D00071ABD /* UIButton+FKConcise.m */,
				391393A413C9B84C0049DA61 /* UIScreen+FKConcise.h */,
				397F81BC14261227006B98BD /* UITableViewCell+FKConcise.h */,
				397F81BD14261227006B98BD /* UITableViewCell+FKConcise.m */,
			);
			path = Shorthands;
			sourceTree = "<group>";
		};
		391393A613C9B84C0049DA61 /* Universal */ = {
			isa = PBXGroup;
			children = (
				391393A713C9B84C0049DA61 /* FKUniversal.h */,
			);
			path = Universal;
			sourceTree = "<group>";
		};
		39DEEAE1143CE29500B81BB5 /* Audio */ = {
			isa = PBXGroup;
			children = (
				9BE4253C14470FA40036D399 /* FKAudioFunctions.h */,
				9B82D40215570F5900D01584 /* FKAudioRouteChange.h */,
				9B82D40315570F5900D01584 /* FKAudioRouteChange.m */,
				39DEEAE2143CE29500B81BB5 /* FKSoundEffect.h */,
				39DEEAE3143CE29500B81BB5 /* FKSoundEffect.m */,
			);
			path = Audio;
			sourceTree = "<group>";
		};
		39DF5CDB1424A05B00090805 /* TableView */ = {
			isa = PBXGroup;
			children = (
				39DF5CDC1424A08C00090805 /* FKColoredAccessoryView.h */,
				39DF5CDD1424A08C00090805 /* FKColoredAccessoryView.m */,
				D40800BA1844BE520071E67C /* FKTableViewCell.h */,
				D40800BB1844BE520071E67C /* FKTableViewCell.m */,
				D40800BC1844BE520071E67C /* FKTableViewCellView.h */,
				D40800BD1844BE520071E67C /* FKTableViewCellView.m */,
				39AA0F731429091A00C6956C /* NSIndexPath+FKAdditions.h */,
				39AA0F741429091A00C6956C /* NSIndexPath+FKAdditions.m */,
				9BBA862E15DAD8F000A99D13 /* NSIndexSet+FKAdditions.h */,
				9BBA862F15DAD8F000A99D13 /* NSIndexSet+FKAdditions.m */,
			);
			name = TableView;
			sourceTree = "<group>";
		};
		39DF5D741424B5EC00090805 /* Network */ = {
			isa = PBXGroup;
			children = (
				9BDD922D148A8FE6008E21A1 /* FKBrowserViewController.h */,
				9BDD922E148A8FE6008E21A1 /* FKBrowserViewController.m */,
				39DF5D751424B62000090805 /* FKNetworkActivityManager.h */,
				39DF5D761424B62000090805 /* FKNetworkActivityManager.m */,
			);
			name = Network;
			sourceTree = "<group>";
		};
		39F5165413C8E3F2008A9732 = {
			isa = PBXGroup;
			children = (
				A98C3E052389EDDF00CBAE67 /* iOSKit.podspec */,
				A9A3692C20E1629E00BD30AC /* Cartfile */,
				3913939A13C9B84C0049DA61 /* Sources */,
				39F5166513C8E3F3008A9732 /* Supporting Files */,
				9BDD9231148A9A1F008E21A1 /* Resources */,
				A9A007EA1E2021000068A936 /* iOSKit */,
				39F5166113C8E3F3008A9732 /* Frameworks */,
				39F5166013C8E3F3008A9732 /* Products */,
			);
			sourceTree = "<group>";
		};
		39F5166013C8E3F3008A9732 /* Products */ = {
			isa = PBXGroup;
			children = (
				39F5165F13C8E3F3008A9732 /* libiOSKitLibrary.a */,
				A9A007E91E2021000068A936 /* iOSKit.framework */,
			);
			name = Products;
			sourceTree = "<group>";
		};
		39F5166113C8E3F3008A9732 /* Frameworks */ = {
			isa = PBXGroup;
			children = (
				A9B832C7261730CE00B20CE1 /* FoundationKit.xcframework */,
				393A2999142359550056CB37 /* CoreGraphics.framework */,
				39F5166213C8E3F3008A9732 /* Foundation.framework */,
				9BDD9263148AA9BD008E21A1 /* MessageUI.framework */,
				39CFA60114223E6300DC3E57 /* QuartzCore.framework */,
			);
			name = Frameworks;
			sourceTree = "<group>";
		};
		39F5166513C8E3F3008A9732 /* Supporting Files */ = {
			isa = PBXGroup;
			children = (
				3913939813C9B8450049DA61 /* Prefix.pch */,
			);
			name = "Supporting Files";
			path = iOSKit;
			sourceTree = "<group>";
		};
		9B297200141B7EF9006124A2 /* UIKit */ = {
			isa = PBXGroup;
			children = (
				9B6C025E142C69D7006F9812 /* UIAlertView+FKError.h */,
				9B6C025F142C69DE006F9812 /* UIAlertView+FKError.m */,
				9BB4A6A916F1F60C0001EC76 /* UIBezierPath+FKDescription.h */,
				9BB4A6AA16F1F60C0001EC76 /* UIBezierPath+FKDescription.m */,
				9B82A30817C77B2B00A74903 /* UICollectionReusableView+FKAdditions.h */,
				9B82A30917C77B2B00A74903 /* UICollectionReusableView+FKAdditions.m */,
				39CFA5ED1422348600DC3E57 /* UIColor+FKAdditions.h */,
				39CFA5EE1422348600DC3E57 /* UIColor+FKAdditions.m */,
				39CFA5F51422398E00DC3E57 /* UIDevice+FKAdditions.h */,
				39CFA5F61422398E00DC3E57 /* UIDevice+FKAdditions.m */,
				39CC1E0D142F229F0017578F /* UIImage+FKAdditions.h */,
				39CC1E0E142F229F0017578F /* UIImage+FKAdditions.m */,
				9B8D783F165151EB00FE2ECC /* UIImage+FKBlockDrawing.h */,
				9B8D7840165151EB00FE2ECC /* UIImage+FKBlockDrawing.m */,
				39CFA5F914223C1200DC3E57 /* UIImageView+FKAdditions.h */,
				39CFA5FA14223C1200DC3E57 /* UIImageView+FKAdditions.m */,
				9B527AEF18E461A300F14C5A /* UIResponder+FKFirstResponder.h */,
				9B527AF018E461A300F14C5A /* UIResponder+FKFirstResponder.m */,
				3921679014266A060018BD5A /* UIScreen+FKAdditions.h */,
				3921679114266A060018BD5A /* UIScreen+FKAdditions.m */,
				3921679414266BCA0018BD5A /* UIScrollView+FKAdditions.h */,
				3921679514266BCB0018BD5A /* UIScrollView+FKAdditions.m */,
				39CFA5FD14223CBE00DC3E57 /* UIScrollView+FKContentSize.h */,
				39CFA5FE14223CBE00DC3E57 /* UIScrollView+FKContentSize.m */,
				3931206E1428AF010095D5ED /* UITableView+FKLoading.h */,
				3931206F1428AF010095D5ED /* UITableView+FKLoading.m */,
				9B8D782116514AA200FE2ECC /* UITableViewCell+FKAdditions.h */,
				9B8D782216514AA200FE2ECC /* UITableViewCell+FKAdditions.m */,
				3931206A1428AD6B0095D5ED /* UITableViewCell+FKLoading.h */,
				3931206B1428AD6B0095D5ED /* UITableViewCell+FKLoading.m */,
				9B82A30C17C77B3E00A74903 /* UITableViewHeaderFooterView+FKAdditions.h */,
				9B82A30D17C77B3E00A74903 /* UITableViewHeaderFooterView+FKAdditions.m */,
				9B30EEE11778753E00056297 /* UITouch+FKCentroid.h */,
				9B30EEE21778753F00056297 /* UITouch+FKCentroid.m */,
				39CFA60B1422437300DC3E57 /* UIView+FKAdditions.h */,
				39CFA60C1422437400DC3E57 /* UIView+FKAdditions.m */,
				39CFA60F14224AF400DC3E57 /* UIView+FKAnimations.h */,
				39CFA61014224AF600DC3E57 /* UIView+FKAnimations.m */,
				9B0B571514A6AD550071B6D2 /* UIView+FKAutoresizing.h */,
				39ACE7421422709B0022D8F8 /* UIView+FKContentSize.h */,
				39ACE7431422709B0022D8F8 /* UIView+FKContentSize.m */,
				39CFA6071422423300DC3E57 /* UIView+FKHierarchy.h */,
				39CFA6081422423400DC3E57 /* UIView+FKHierarchy.m */,
				39CFA5F1142234A600DC3E57 /* UIView+FKRotation.h */,
				39CFA5F2142234A600DC3E57 /* UIView+FKRotation.m */,
				393A299C142359C50056CB37 /* UIViewController+FKAdditions.h */,
				393A299D142359C50056CB37 /* UIViewController+FKAdditions.m */,
				39ACE81414228DC90022D8F8 /* UIViewController+FKLoading.h */,
				39ACE81514228DCB0022D8F8 /* UIViewController+FKLoading.m */,
				9BCBDF411472747C0074BFEB /* UIWebView+FKAdditions.h */,
				9BCBDF421472747C0074BFEB /* UIWebView+FKAdditions.m */,
			);
			name = UIKit;
			sourceTree = "<group>";
		};
		9B45437614953EB30076A950 /* Views */ = {
			isa = PBXGroup;
			children = (
				9BEF57A917C12BCE002FACDF /* FKBlurringView.h */,
				9BEF57AA17C12BCE002FACDF /* FKBlurringView.m */,
				9BA2D01D182AA87C003ACAD4 /* FKHairlineView.h */,
				9BA2D01E182AA87C003ACAD4 /* FKHairlineView.m */,
				9B45437714953EF90076A950 /* FKView.h */,
				9B45437814953EF90076A950 /* FKView.m */,
			);
			name = Views;
			sourceTree = "<group>";
		};
		9B54E80E14269B5500336F08 /* Core */ = {
			isa = PBXGroup;
			children = (
				9B54E80F14269B7D00336F08 /* CGGeometry+FKAdditions.h */,
				9B6C025A142BD444006F9812 /* FKiOSDrawing.h */,
				9B6C025C142BD583006F9812 /* FKiOSDrawing.m */,
				9B54E81314269C2F00336F08 /* FKiOSMetrics.h */,
				9B54E81514269C6600336F08 /* UIInterfaceOrientation+FKAdditions.h */,
			);
			name = Core;
			sourceTree = "<group>";
		};
		9BC1CD731431CF9800A5098D /* Optional */ = {
			isa = PBXGroup;
			children = (
				39DEEAE1143CE29500B81BB5 /* Audio */,
			);
			path = Optional;
			sourceTree = "<group>";
		};
		9BCA5321148919C800918E87 /* Communication */ = {
			isa = PBXGroup;
			children = (
				9BCA532214891A5700918E87 /* FKInterApp.h */,
				9BCA532314891A5700918E87 /* FKInterApp.m */,
			);
			name = Communication;
			sourceTree = "<group>";
		};
		9BDD9231148A9A1F008E21A1 /* Resources */ = {
			isa = PBXGroup;
			children = (
				A98C3E342389F02700CBAE67 /* browser-action.png */,
				A98C3E2D2389F02700CBAE67 /* browser-action@2x.png */,
				A98C3E332389F02700CBAE67 /* browser-back-legacy.png */,
				A98C3E3A2389F02700CBAE67 /* browser-back-legacy@2x.png */,
				A98C3E2C2389F02700CBAE67 /* browser-back.png */,
				A98C3E372389F02700CBAE67 /* browser-back@2x.png */,
				A98C3E352389F02700CBAE67 /* browser-cancel-legacy.png */,
				A98C3E3B2389F02700CBAE67 /* browser-cancel-legacy@2x.png */,
				A98C3E362389F02700CBAE67 /* browser-cancel.png */,
				A98C3E2E2389F02700CBAE67 /* browser-cancel@2x.png */,
				A98C3E322389F02700CBAE67 /* browser-forward-legacy.png */,
				A98C3E312389F02700CBAE67 /* browser-forward-legacy@2x.png */,
				A98C3E392389F02700CBAE67 /* browser-forward.png */,
				A98C3E2B2389F02600CBAE67 /* browser-forward@2x.png */,
				A98C3E3C2389F02700CBAE67 /* browser-reload-legacy.png */,
				A98C3E2F2389F02700CBAE67 /* browser-reload-legacy@2x.png */,
				A98C3E382389F02700CBAE67 /* browser-reload.png */,
				A98C3E302389F02700CBAE67 /* browser-reload@2x.png */,
			);
			name = Resources;
			sourceTree = "<group>";
		};
		A9A007EA1E2021000068A936 /* iOSKit */ = {
			isa = PBXGroup;
			children = (
				A9A007EB1E2021000068A936 /* iOSKit.h */,
				A9A007EC1E2021000068A936 /* Info.plist */,
			);
			path = iOSKit;
			sourceTree = "<group>";
		};
/* End PBXGroup section */

/* Begin PBXHeadersBuildPhase section */
		39F5165D13C8E3F3008A9732 /* Headers */ = {
			isa = PBXHeadersBuildPhase;
			buildActionMask = 2147483647;
			files = (
				3913939913C9B8450049DA61 /* Prefix.pch in Headers */,
				391393AD13C9B84C0049DA61 /* UIApplication+FKConcise.h in Headers */,
				9BA2D01F182AA87C003ACAD4 /* FKHairlineView.h in Headers */,
				391393AF13C9B84C0049DA61 /* UIScreen+FKConcise.h in Headers */,
				391393B113C9B84C0049DA61 /* FKUniversal.h in Headers */,
				39CFA5EF1422348700DC3E57 /* UIColor+FKAdditions.h in Headers */,
				39CFA5F3142234A600DC3E57 /* UIView+FKRotation.h in Headers */,
				39CFA5F71422398E00DC3E57 /* UIDevice+FKAdditions.h in Headers */,
				39CFA5FB14223C1300DC3E57 /* UIImageView+FKAdditions.h in Headers */,
				39CFA5FF14223CBE00DC3E57 /* UIScrollView+FKContentSize.h in Headers */,
				39CFA6091422423500DC3E57 /* UIView+FKHierarchy.h in Headers */,
				39CFA60D1422437500DC3E57 /* UIView+FKAdditions.h in Headers */,
				A98C3E062389EE2700CBAE67 /* iOSKit.h in Headers */,
				39CFA61114224AF800DC3E57 /* UIView+FKAnimations.h in Headers */,
				9B527AF118E461A300F14C5A /* UIResponder+FKFirstResponder.h in Headers */,
				39ACE7441422709B0022D8F8 /* UIView+FKContentSize.h in Headers */,
				39ACE81614228DCC0022D8F8 /* UIViewController+FKLoading.h in Headers */,
				393A299E142359C50056CB37 /* UIViewController+FKAdditions.h in Headers */,
				D40800BE1844BE520071E67C /* FKTableViewCell.h in Headers */,
				39DF5CDE1424A08C00090805 /* FKColoredAccessoryView.h in Headers */,
				39DF5D771424B62000090805 /* FKNetworkActivityManager.h in Headers */,
				397F81BE14261227006B98BD /* UITableViewCell+FKConcise.h in Headers */,
				3921679214266A060018BD5A /* UIScreen+FKAdditions.h in Headers */,
				3921679614266BCB0018BD5A /* UIScrollView+FKAdditions.h in Headers */,
				9B54E81014269B7D00336F08 /* CGGeometry+FKAdditions.h in Headers */,
				9B54E81414269C2F00336F08 /* FKiOSMetrics.h in Headers */,
				9B54E81614269C6600336F08 /* UIInterfaceOrientation+FKAdditions.h in Headers */,
				D40800C01844BE520071E67C /* FKTableViewCellView.h in Headers */,
				3931206C1428AD6B0095D5ED /* UITableViewCell+FKLoading.h in Headers */,
				393120701428AF010095D5ED /* UITableView+FKLoading.h in Headers */,
				39AA0F751429091A00C6956C /* NSIndexPath+FKAdditions.h in Headers */,
				9B82A30A17C77B2B00A74903 /* UICollectionReusableView+FKAdditions.h in Headers */,
				9B6C025B142BD444006F9812 /* FKiOSDrawing.h in Headers */,
				9B6C0260142C69E8006F9812 /* UIAlertView+FKError.h in Headers */,
				39CC1E0F142F229F0017578F /* UIImage+FKAdditions.h in Headers */,
				9BBBF401143AF00D00071ABD /* UIButton+FKConcise.h in Headers */,
				9B63F33314726E3F00E30D13 /* UIBarButtonItem+FKConcise.h in Headers */,
				9BCBDF431472747C0074BFEB /* UIWebView+FKAdditions.h in Headers */,
				9BCA532414891A5700918E87 /* FKInterApp.h in Headers */,
				9BDD922F148A8FE6008E21A1 /* FKBrowserViewController.h in Headers */,
				9B82A30E17C77B3E00A74903 /* UITableViewHeaderFooterView+FKAdditions.h in Headers */,
				9B45437914953EF90076A950 /* FKView.h in Headers */,
				9B0B571614A6AD550071B6D2 /* UIView+FKAutoresizing.h in Headers */,
				9BBA863015DAD8F000A99D13 /* NSIndexSet+FKAdditions.h in Headers */,
				9B8D782316514AA200FE2ECC /* UITableViewCell+FKAdditions.h in Headers */,
				9B8D7841165151EB00FE2ECC /* UIImage+FKBlockDrawing.h in Headers */,
				9BB4A6AB16F1F60C0001EC76 /* UIBezierPath+FKDescription.h in Headers */,
				9B30EEE31778753F00056297 /* UITouch+FKCentroid.h in Headers */,
				9BEF57AB17C12BCE002FACDF /* FKBlurringView.h in Headers */,
			);
			runOnlyForDeploymentPostprocessing = 0;
		};
		A9A007E61E2021000068A936 /* Headers */ = {
			isa = PBXHeadersBuildPhase;
			buildActionMask = 2147483647;
			files = (
				A9A007ED1E2021000068A936 /* iOSKit.h in Headers */,
				A9A008191E2021950068A936 /* CGGeometry+FKAdditions.h in Headers */,
				A9A0081A1E2021950068A936 /* FKiOSDrawing.h in Headers */,
				A9A0081B1E2021950068A936 /* FKiOSMetrics.h in Headers */,
				A9A0081C1E2021950068A936 /* UIInterfaceOrientation+FKAdditions.h in Headers */,
				A9A0081D1E2021950068A936 /* FKInterApp.h in Headers */,
				A9A0081E1E2021950068A936 /* FKBrowserViewController.h in Headers */,
				A9A0081F1E2021950068A936 /* FKNetworkActivityManager.h in Headers */,
				A9A008201E2021950068A936 /* UIApplication+FKConcise.h in Headers */,
				A9A008211E2021950068A936 /* UIBarButtonItem+FKConcise.h in Headers */,
				A9A008221E2021950068A936 /* UIButton+FKConcise.h in Headers */,
				A9A008231E2021950068A936 /* UIScreen+FKConcise.h in Headers */,
				A9A008241E2021950068A936 /* UITableViewCell+FKConcise.h in Headers */,
				A9A008251E2021950068A936 /* FKColoredAccessoryView.h in Headers */,
				A9A008261E2021950068A936 /* FKTableViewCell.h in Headers */,
				A9A008271E2021950068A936 /* FKTableViewCellView.h in Headers */,
				A9A008281E2021950068A936 /* NSIndexPath+FKAdditions.h in Headers */,
				A9A008291E2021950068A936 /* NSIndexSet+FKAdditions.h in Headers */,
				A9A0082A1E2021950068A936 /* UIAlertView+FKError.h in Headers */,
				A9A0082B1E2021950068A936 /* UIBezierPath+FKDescription.h in Headers */,
				A9A0082C1E2021950068A936 /* UICollectionReusableView+FKAdditions.h in Headers */,
				A9A0082D1E2021950068A936 /* UIColor+FKAdditions.h in Headers */,
				A9A0082E1E2021950068A936 /* UIDevice+FKAdditions.h in Headers */,
				A9A0082F1E2021950068A936 /* UIImage+FKAdditions.h in Headers */,
				A9A008301E2021950068A936 /* UIImage+FKBlockDrawing.h in Headers */,
				A9A008311E2021950068A936 /* UIImageView+FKAdditions.h in Headers */,
				A9A008321E2021950068A936 /* UIResponder+FKFirstResponder.h in Headers */,
				A9A008331E2021950068A936 /* UIScreen+FKAdditions.h in Headers */,
				A9A008341E2021950068A936 /* UIScrollView+FKAdditions.h in Headers */,
				A9A008351E2021950068A936 /* UIScrollView+FKContentSize.h in Headers */,
				A9A008361E2021950068A936 /* UITableView+FKLoading.h in Headers */,
				A9A008371E2021950068A936 /* UITableViewCell+FKAdditions.h in Headers */,
				A9A008381E2021950068A936 /* UITableViewCell+FKLoading.h in Headers */,
				A9A008391E2021950068A936 /* UITableViewHeaderFooterView+FKAdditions.h in Headers */,
				A9A0083A1E2021950068A936 /* UITouch+FKCentroid.h in Headers */,
				A9A0083B1E2021950068A936 /* UIView+FKAdditions.h in Headers */,
				A9A0083C1E2021950068A936 /* UIView+FKAnimations.h in Headers */,
				A9A0083D1E2021950068A936 /* UIView+FKAutoresizing.h in Headers */,
				A9A0083E1E2021950068A936 /* UIView+FKContentSize.h in Headers */,
				A9A0083F1E2021950068A936 /* UIView+FKHierarchy.h in Headers */,
				A9A008401E2021950068A936 /* UIView+FKRotation.h in Headers */,
				A9A008411E2021950068A936 /* UIViewController+FKAdditions.h in Headers */,
				A9A008421E2021950068A936 /* UIViewController+FKLoading.h in Headers */,
				A9A008431E2021950068A936 /* UIWebView+FKAdditions.h in Headers */,
				A9A008441E2021950068A936 /* FKUniversal.h in Headers */,
				A9A008451E2021950068A936 /* FKBlurringView.h in Headers */,
				A9A008461E2021950068A936 /* FKHairlineView.h in Headers */,
				A9A008471E2021950068A936 /* FKView.h in Headers */,
			);
			runOnlyForDeploymentPostprocessing = 0;
		};
/* End PBXHeadersBuildPhase section */

/* Begin PBXNativeTarget section */
		39F5165E13C8E3F3008A9732 /* iOSKitLibrary */ = {
			isa = PBXNativeTarget;
			buildConfigurationList = 39F5166913C8E3F3008A9732 /* Build configuration list for PBXNativeTarget "iOSKitLibrary" */;
			buildPhases = (
				39F5165B13C8E3F3008A9732 /* Sources */,
				39F5165C13C8E3F3008A9732 /* Frameworks */,
				39F5165D13C8E3F3008A9732 /* Headers */,
			);
			buildRules = (
			);
			dependencies = (
			);
			name = iOSKitLibrary;
			productName = iOSKit;
			productReference = 39F5165F13C8E3F3008A9732 /* libiOSKitLibrary.a */;
			productType = "com.apple.product-type.library.static";
		};
		A9A007E81E2021000068A936 /* iOSKit */ = {
			isa = PBXNativeTarget;
			buildConfigurationList = A9A007EE1E2021000068A936 /* Build configuration list for PBXNativeTarget "iOSKit" */;
			buildPhases = (
				A9A007E41E2021000068A936 /* Sources */,
				A9A007E51E2021000068A936 /* Frameworks */,
				A9A007E61E2021000068A936 /* Headers */,
				A9A007E71E2021000068A936 /* Resources */,
			);
			buildRules = (
			);
			dependencies = (
			);
			name = iOSKit;
			productName = iOSKit;
			productReference = A9A007E91E2021000068A936 /* iOSKit.framework */;
			productType = "com.apple.product-type.framework";
		};
/* End PBXNativeTarget section */

/* Begin PBXProject section */
		39F5165613C8E3F2008A9732 /* Project object */ = {
			isa = PBXProject;
			attributes = {
				LastUpgradeCheck = 1240;
				ORGANIZATIONNAME = "NOUS Wissensmanagement GmbH";
				TargetAttributes = {
					A9A007E81E2021000068A936 = {
						CreatedOnToolsVersion = 8.2.1;
						ProvisioningStyle = Automatic;
					};
				};
			};
			buildConfigurationList = 39F5165913C8E3F2008A9732 /* Build configuration list for PBXProject "iOSKit" */;
			compatibilityVersion = "Xcode 3.2";
			developmentRegion = en;
			hasScannedForEncodings = 0;
			knownRegions = (
				en,
				Base,
			);
			mainGroup = 39F5165413C8E3F2008A9732;
			productRefGroup = 39F5166013C8E3F3008A9732 /* Products */;
			projectDirPath = "";
			projectRoot = "";
			targets = (
				39F5165E13C8E3F3008A9732 /* iOSKitLibrary */,
				A9A007E81E2021000068A936 /* iOSKit */,
			);
		};
/* End PBXProject section */

/* Begin PBXResourcesBuildPhase section */
		A9A007E71E2021000068A936 /* Resources */ = {
			isa = PBXResourcesBuildPhase;
			buildActionMask = 2147483647;
			files = (
				A98C3E4B2389F02700CBAE67 /* browser-forward.png in Resources */,
				A98C3E3D2389F02700CBAE67 /* browser-forward@2x.png in Resources */,
				A98C3E402389F02700CBAE67 /* browser-cancel@2x.png in Resources */,
				A98C3E472389F02700CBAE67 /* browser-cancel-legacy.png in Resources */,
				A98C3E4E2389F02700CBAE67 /* browser-reload-legacy.png in Resources */,
				A98C3E4A2389F02700CBAE67 /* browser-reload.png in Resources */,
				A98C3E3F2389F02700CBAE67 /* browser-action@2x.png in Resources */,
				A98C3E482389F02700CBAE67 /* browser-cancel.png in Resources */,
				A98C3E412389F02700CBAE67 /* browser-reload-legacy@2x.png in Resources */,
				A98C3E422389F02700CBAE67 /* browser-reload@2x.png in Resources */,
				A98C3E452389F02700CBAE67 /* browser-back-legacy.png in Resources */,
				A98C3E462389F02700CBAE67 /* browser-action.png in Resources */,
				A98C3E4C2389F02700CBAE67 /* browser-back-legacy@2x.png in Resources */,
				A98C3E442389F02700CBAE67 /* browser-forward-legacy.png in Resources */,
				A98C3E432389F02700CBAE67 /* browser-forward-legacy@2x.png in Resources */,
				A98C3E3E2389F02700CBAE67 /* browser-back.png in Resources */,
				A98C3E492389F02700CBAE67 /* browser-back@2x.png in Resources */,
				A98C3E4D2389F02700CBAE67 /* browser-cancel-legacy@2x.png in Resources */,
			);
			runOnlyForDeploymentPostprocessing = 0;
		};
/* End PBXResourcesBuildPhase section */

/* Begin PBXSourcesBuildPhase section */
		39F5165B13C8E3F3008A9732 /* Sources */ = {
			isa = PBXSourcesBuildPhase;
			buildActionMask = 2147483647;
			files = (
				9B82A30B17C77B2B00A74903 /* UICollectionReusableView+FKAdditions.m in Sources */,
				39CFA5F01422348700DC3E57 /* UIColor+FKAdditions.m in Sources */,
				39CFA5F4142234A600DC3E57 /* UIView+FKRotation.m in Sources */,
				39CFA5F81422398E00DC3E57 /* UIDevice+FKAdditions.m in Sources */,
				9BEF57AC17C12BCE002FACDF /* FKBlurringView.m in Sources */,
				39CFA5FC14223C1300DC3E57 /* UIImageView+FKAdditions.m in Sources */,
				39CFA60014223CBE00DC3E57 /* UIScrollView+FKContentSize.m in Sources */,
				39CFA60A1422423500DC3E57 /* UIView+FKHierarchy.m in Sources */,
				39CFA60E1422437500DC3E57 /* UIView+FKAdditions.m in Sources */,
				39CFA61214224AF800DC3E57 /* UIView+FKAnimations.m in Sources */,
				39ACE7451422709B0022D8F8 /* UIView+FKContentSize.m in Sources */,
				9B527AF218E461A300F14C5A /* UIResponder+FKFirstResponder.m in Sources */,
				39ACE81714228DCC0022D8F8 /* UIViewController+FKLoading.m in Sources */,
				393A299F142359C50056CB37 /* UIViewController+FKAdditions.m in Sources */,
				39DF5CDF1424A08C00090805 /* FKColoredAccessoryView.m in Sources */,
				D40800C11844BE520071E67C /* FKTableViewCellView.m in Sources */,
				39DF5D781424B62000090805 /* FKNetworkActivityManager.m in Sources */,
				397F81BF14261227006B98BD /* UITableViewCell+FKConcise.m in Sources */,
				3921679314266A060018BD5A /* UIScreen+FKAdditions.m in Sources */,
				9BA2D020182AA87C003ACAD4 /* FKHairlineView.m in Sources */,
				3921679714266BCB0018BD5A /* UIScrollView+FKAdditions.m in Sources */,
				3931206D1428AD6B0095D5ED /* UITableViewCell+FKLoading.m in Sources */,
				393120711428AF010095D5ED /* UITableView+FKLoading.m in Sources */,
				39AA0F761429091A00C6956C /* NSIndexPath+FKAdditions.m in Sources */,
				9B6C025D142BD584006F9812 /* FKiOSDrawing.m in Sources */,
				9B6C0261142C69E8006F9812 /* UIAlertView+FKError.m in Sources */,
				39CC1E10142F229F0017578F /* UIImage+FKAdditions.m in Sources */,
				9BBBF402143AF00D00071ABD /* UIButton+FKConcise.m in Sources */,
				9B63F33414726E3F00E30D13 /* UIBarButtonItem+FKConcise.m in Sources */,
				9BCBDF441472747C0074BFEB /* UIWebView+FKAdditions.m in Sources */,
				9B82A30F17C77B3E00A74903 /* UITableViewHeaderFooterView+FKAdditions.m in Sources */,
				9BCA532514891A5700918E87 /* FKInterApp.m in Sources */,
				D40800BF1844BE520071E67C /* FKTableViewCell.m in Sources */,
				9BDD9230148A8FE6008E21A1 /* FKBrowserViewController.m in Sources */,
				9B45437A14953EF90076A950 /* FKView.m in Sources */,
				9BBA863115DAD8F000A99D13 /* NSIndexSet+FKAdditions.m in Sources */,
				9B8D782416514AA200FE2ECC /* UITableViewCell+FKAdditions.m in Sources */,
				9B8D7842165151EB00FE2ECC /* UIImage+FKBlockDrawing.m in Sources */,
				9BB4A6AC16F1F60C0001EC76 /* UIBezierPath+FKDescription.m in Sources */,
				9B30EEE41778753F00056297 /* UITouch+FKCentroid.m in Sources */,
			);
			runOnlyForDeploymentPostprocessing = 0;
		};
		A9A007E41E2021000068A936 /* Sources */ = {
			isa = PBXSourcesBuildPhase;
			buildActionMask = 2147483647;
			files = (
				A9A007F11E2021600068A936 /* FKiOSDrawing.m in Sources */,
				A9A007F21E2021600068A936 /* FKInterApp.m in Sources */,
				A9A007F31E2021600068A936 /* FKBrowserViewController.m in Sources */,
				A9A007F41E2021600068A936 /* FKNetworkActivityManager.m in Sources */,
				A9A007F51E2021600068A936 /* UIBarButtonItem+FKConcise.m in Sources */,
				A9A007F61E2021600068A936 /* UIButton+FKConcise.m in Sources */,
				A9A007F71E2021600068A936 /* UITableViewCell+FKConcise.m in Sources */,
				A9A007F81E2021600068A936 /* FKColoredAccessoryView.m in Sources */,
				A9A007F91E2021600068A936 /* FKTableViewCell.m in Sources */,
				A9A007FA1E2021600068A936 /* FKTableViewCellView.m in Sources */,
				A9A007FB1E2021600068A936 /* NSIndexPath+FKAdditions.m in Sources */,
				A9A007FC1E2021600068A936 /* NSIndexSet+FKAdditions.m in Sources */,
				A9A007FD1E2021600068A936 /* UIAlertView+FKError.m in Sources */,
				A9A007FE1E2021600068A936 /* UIBezierPath+FKDescription.m in Sources */,
				A9A007FF1E2021600068A936 /* UICollectionReusableView+FKAdditions.m in Sources */,
				A9A008001E2021600068A936 /* UIColor+FKAdditions.m in Sources */,
				A9A008011E2021600068A936 /* UIDevice+FKAdditions.m in Sources */,
				A9A008021E2021600068A936 /* UIImage+FKAdditions.m in Sources */,
				A9A008031E2021600068A936 /* UIImage+FKBlockDrawing.m in Sources */,
				A9A008041E2021600068A936 /* UIImageView+FKAdditions.m in Sources */,
				A9A008051E2021600068A936 /* UIResponder+FKFirstResponder.m in Sources */,
				A9A008061E2021600068A936 /* UIScreen+FKAdditions.m in Sources */,
				A9A008071E2021600068A936 /* UIScrollView+FKAdditions.m in Sources */,
				A9A008081E2021600068A936 /* UIScrollView+FKContentSize.m in Sources */,
				A9A008091E2021600068A936 /* UITableView+FKLoading.m in Sources */,
				A9A0080A1E2021600068A936 /* UITableViewCell+FKAdditions.m in Sources */,
				A9A0080B1E2021600068A936 /* UITableViewCell+FKLoading.m in Sources */,
				A9A0080C1E2021600068A936 /* UITableViewHeaderFooterView+FKAdditions.m in Sources */,
				A9A0080D1E2021600068A936 /* UITouch+FKCentroid.m in Sources */,
				A9A0080E1E2021600068A936 /* UIView+FKAdditions.m in Sources */,
				A9A0080F1E2021600068A936 /* UIView+FKAnimations.m in Sources */,
				A9A008101E2021600068A936 /* UIView+FKContentSize.m in Sources */,
				A9A008111E2021600068A936 /* UIView+FKHierarchy.m in Sources */,
				A9A008121E2021600068A936 /* UIView+FKRotation.m in Sources */,
				A9A008131E2021600068A936 /* UIViewController+FKAdditions.m in Sources */,
				A9A008141E2021600068A936 /* UIViewController+FKLoading.m in Sources */,
				A9A008151E2021600068A936 /* UIWebView+FKAdditions.m in Sources */,
				A9A008161E2021600068A936 /* FKBlurringView.m in Sources */,
				A9A008171E2021600068A936 /* FKHairlineView.m in Sources */,
				A9A008181E2021600068A936 /* FKView.m in Sources */,
			);
			runOnlyForDeploymentPostprocessing = 0;
		};
/* End PBXSourcesBuildPhase section */

/* Begin XCBuildConfiguration section */
		39F5166713C8E3F3008A9732 /* Debug */ = {
			isa = XCBuildConfiguration;
			buildSettings = {
				ALWAYS_SEARCH_USER_PATHS = NO;
				CLANG_ANALYZER_LOCALIZABILITY_NONLOCALIZED = YES;
				CLANG_ENABLE_OBJC_ARC = YES;
				CLANG_WARN_BLOCK_CAPTURE_AUTORELEASING = YES;
				CLANG_WARN_COMMA = YES;
				CLANG_WARN_DEPRECATED_OBJC_IMPLEMENTATIONS = YES;
				CLANG_WARN_EMPTY_BODY = YES;
				CLANG_WARN_IMPLICIT_SIGN_CONVERSION = YES;
				CLANG_WARN_INFINITE_RECURSION = YES;
				CLANG_WARN_OBJC_IMPLICIT_RETAIN_SELF = YES;
				CLANG_WARN_OBJC_RECEIVER_WEAK = YES;
				CLANG_WARN_QUOTED_INCLUDE_IN_FRAMEWORK_HEADER = YES;
				CLANG_WARN_RANGE_LOOP_ANALYSIS = YES;
				CLANG_WARN_STRICT_PROTOTYPES = YES;
				CLANG_WARN_SUSPICIOUS_IMPLICIT_CONVERSION = YES;
				CLANG_WARN_SUSPICIOUS_MOVE = YES;
				CLANG_WARN_UNREACHABLE_CODE = YES;
				CLANG_WARN__DUPLICATE_METHOD_MATCH = YES;
				COPY_PHASE_STRIP = NO;
				ENABLE_STRICT_OBJC_MSGSEND = YES;
				ENABLE_TESTABILITY = YES;
				GCC_C_LANGUAGE_STANDARD = gnu99;
				GCC_DYNAMIC_NO_PIC = NO;
				GCC_NO_COMMON_BLOCKS = YES;
				GCC_OPTIMIZATION_LEVEL = 0;
				GCC_PREPROCESSOR_DEFINITIONS = (
					"DEBUG=1",
					"$(inherited)",
				);
				GCC_SYMBOLS_PRIVATE_EXTERN = NO;
				GCC_VERSION = com.apple.compilers.llvm.clang.1_0;
				GCC_WARN_64_TO_32_BIT_CONVERSION = YES;
				GCC_WARN_ABOUT_MISSING_PROTOTYPES = YES;
				GCC_WARN_ABOUT_RETURN_TYPE = YES;
				GCC_WARN_INITIALIZER_NOT_FULLY_BRACKETED = YES;
				GCC_WARN_SHADOW = YES;
				GCC_WARN_UNDECLARED_SELECTOR = YES;
				GCC_WARN_UNINITIALIZED_AUTOS = YES;
				GCC_WARN_UNUSED_FUNCTION = YES;
				GCC_WARN_UNUSED_VARIABLE = YES;
				HEADER_SEARCH_PATHS = "FoundationKit/**";
				IPHONEOS_DEPLOYMENT_TARGET = 12.0;
				ONLY_ACTIVE_ARCH = YES;
				SDKROOT = iphoneos;
			};
			name = Debug;
		};
		39F5166813C8E3F3008A9732 /* Release */ = {
			isa = XCBuildConfiguration;
			buildSettings = {
				ALWAYS_SEARCH_USER_PATHS = NO;
				CLANG_ANALYZER_LOCALIZABILITY_NONLOCALIZED = YES;
				CLANG_ENABLE_OBJC_ARC = YES;
				CLANG_WARN_BLOCK_CAPTURE_AUTORELEASING = YES;
				CLANG_WARN_COMMA = YES;
				CLANG_WARN_DEPRECATED_OBJC_IMPLEMENTATIONS = YES;
				CLANG_WARN_EMPTY_BODY = YES;
				CLANG_WARN_IMPLICIT_SIGN_CONVERSION = YES;
				CLANG_WARN_INFINITE_RECURSION = YES;
				CLANG_WARN_OBJC_IMPLICIT_RETAIN_SELF = YES;
				CLANG_WARN_OBJC_RECEIVER_WEAK = YES;
				CLANG_WARN_QUOTED_INCLUDE_IN_FRAMEWORK_HEADER = YES;
				CLANG_WARN_RANGE_LOOP_ANALYSIS = YES;
				CLANG_WARN_STRICT_PROTOTYPES = YES;
				CLANG_WARN_SUSPICIOUS_IMPLICIT_CONVERSION = YES;
				CLANG_WARN_SUSPICIOUS_MOVE = YES;
				CLANG_WARN_UNREACHABLE_CODE = YES;
				CLANG_WARN__DUPLICATE_METHOD_MATCH = YES;
				COPY_PHASE_STRIP = YES;
				ENABLE_STRICT_OBJC_MSGSEND = YES;
				GCC_C_LANGUAGE_STANDARD = gnu99;
				GCC_NO_COMMON_BLOCKS = YES;
				GCC_VERSION = com.apple.compilers.llvm.clang.1_0;
				GCC_WARN_64_TO_32_BIT_CONVERSION = YES;
				GCC_WARN_ABOUT_MISSING_PROTOTYPES = YES;
				GCC_WARN_ABOUT_RETURN_TYPE = YES;
				GCC_WARN_INITIALIZER_NOT_FULLY_BRACKETED = YES;
				GCC_WARN_SHADOW = YES;
				GCC_WARN_UNDECLARED_SELECTOR = YES;
				GCC_WARN_UNINITIALIZED_AUTOS = YES;
				GCC_WARN_UNUSED_FUNCTION = YES;
				GCC_WARN_UNUSED_VARIABLE = YES;
				HEADER_SEARCH_PATHS = "FoundationKit/**";
				IPHONEOS_DEPLOYMENT_TARGET = 12.0;
				SDKROOT = iphoneos;
				VALIDATE_PRODUCT = YES;
			};
			name = Release;
		};
		39F5166A13C8E3F3008A9732 /* Debug */ = {
			isa = XCBuildConfiguration;
			buildSettings = {
				DSTROOT = /tmp/iOSKit.dst;
				GCC_PRECOMPILE_PREFIX_HEADER = YES;
				GCC_PREFIX_HEADER = Sources/Prefix.pch;
				IPHONEOS_DEPLOYMENT_TARGET = 12.0;
				OTHER_LDFLAGS = "-ObjC";
				PRODUCT_NAME = "$(TARGET_NAME)";
				SKIP_INSTALL = YES;
			};
			name = Debug;
		};
		39F5166B13C8E3F3008A9732 /* Release */ = {
			isa = XCBuildConfiguration;
			buildSettings = {
				DSTROOT = /tmp/iOSKit.dst;
				GCC_PRECOMPILE_PREFIX_HEADER = YES;
				GCC_PREFIX_HEADER = Sources/Prefix.pch;
				IPHONEOS_DEPLOYMENT_TARGET = 12.0;
				OTHER_LDFLAGS = "-ObjC";
				PRODUCT_NAME = "$(TARGET_NAME)";
				SKIP_INSTALL = YES;
			};
			name = Release;
		};
		A9A007EF1E2021000068A936 /* Debug */ = {
			isa = XCBuildConfiguration;
			buildSettings = {
				CLANG_ALLOW_NON_MODULAR_INCLUDES_IN_FRAMEWORK_MODULES = YES;
				CLANG_ANALYZER_NONNULL = YES;
				CLANG_CXX_LANGUAGE_STANDARD = "gnu++0x";
				CLANG_CXX_LIBRARY = "libc++";
				CLANG_ENABLE_MODULES = YES;
				CLANG_WARN_BOOL_CONVERSION = YES;
				CLANG_WARN_CONSTANT_CONVERSION = YES;
				CLANG_WARN_DIRECT_OBJC_ISA_USAGE = YES_ERROR;
				CLANG_WARN_DOCUMENTATION_COMMENTS = YES;
				CLANG_WARN_ENUM_CONVERSION = YES;
				CLANG_WARN_INT_CONVERSION = YES;
				CLANG_WARN_OBJC_ROOT_CLASS = YES_ERROR;
				CODE_SIGN_IDENTITY = "";
				"CODE_SIGN_IDENTITY[sdk=iphoneos*]" = "";
				CURRENT_PROJECT_VERSION = 1;
				DEBUG_INFORMATION_FORMAT = dwarf;
				DEFINES_MODULE = YES;
				DYLIB_COMPATIBILITY_VERSION = 1;
				DYLIB_CURRENT_VERSION = 1;
				DYLIB_INSTALL_NAME_BASE = "@rpath";
				FRAMEWORK_SEARCH_PATHS = (
					"$(inherited)",
					"$(PROJECT_DIR)/Carthage/Build/iOS",
				);
				GCC_PRECOMPILE_PREFIX_HEADER = YES;
				GCC_PREFIX_HEADER = Sources/Prefix.pch;
				GCC_WARN_ABOUT_RETURN_TYPE = YES_ERROR;
				GCC_WARN_UNINITIALIZED_AUTOS = YES_AGGRESSIVE;
				INFOPLIST_FILE = iOSKit/Info.plist;
				INSTALL_PATH = "$(LOCAL_LIBRARY_DIR)/Frameworks";
				IPHONEOS_DEPLOYMENT_TARGET = 12.0;
				LD_RUNPATH_SEARCH_PATHS = (
					"$(inherited)",
					"@executable_path/Frameworks",
					"@loader_path/Frameworks",
				);
				MTL_ENABLE_DEBUG_INFO = YES;
				PRODUCT_BUNDLE_IDENTIFIER = net.nousdigital.iOSKit;
				PRODUCT_NAME = "$(TARGET_NAME)";
				SKIP_INSTALL = YES;
				TARGETED_DEVICE_FAMILY = "1,2";
				VERSIONING_SYSTEM = "apple-generic";
				VERSION_INFO_PREFIX = "";
			};
			name = Debug;
		};
		A9A007F01E2021000068A936 /* Release */ = {
			isa = XCBuildConfiguration;
			buildSettings = {
				CLANG_ALLOW_NON_MODULAR_INCLUDES_IN_FRAMEWORK_MODULES = YES;
				CLANG_ANALYZER_NONNULL = YES;
				CLANG_CXX_LANGUAGE_STANDARD = "gnu++0x";
				CLANG_CXX_LIBRARY = "libc++";
				CLANG_ENABLE_MODULES = YES;
				CLANG_WARN_BOOL_CONVERSION = YES;
				CLANG_WARN_CONSTANT_CONVERSION = YES;
				CLANG_WARN_DIRECT_OBJC_ISA_USAGE = YES_ERROR;
				CLANG_WARN_DOCUMENTATION_COMMENTS = YES;
				CLANG_WARN_ENUM_CONVERSION = YES;
				CLANG_WARN_INT_CONVERSION = YES;
				CLANG_WARN_OBJC_ROOT_CLASS = YES_ERROR;
				CODE_SIGN_IDENTITY = "";
				"CODE_SIGN_IDENTITY[sdk=iphoneos*]" = "";
				COPY_PHASE_STRIP = NO;
				CURRENT_PROJECT_VERSION = 1;
				DEBUG_INFORMATION_FORMAT = "dwarf-with-dsym";
				DEFINES_MODULE = YES;
				DYLIB_COMPATIBILITY_VERSION = 1;
				DYLIB_CURRENT_VERSION = 1;
				DYLIB_INSTALL_NAME_BASE = "@rpath";
				ENABLE_NS_ASSERTIONS = NO;
				FRAMEWORK_SEARCH_PATHS = (
					"$(inherited)",
					"$(PROJECT_DIR)/Carthage/Build/iOS",
				);
				GCC_PRECOMPILE_PREFIX_HEADER = YES;
				GCC_PREFIX_HEADER = Sources/Prefix.pch;
				GCC_WARN_ABOUT_RETURN_TYPE = YES_ERROR;
				GCC_WARN_UNINITIALIZED_AUTOS = YES_AGGRESSIVE;
				INFOPLIST_FILE = iOSKit/Info.plist;
				INSTALL_PATH = "$(LOCAL_LIBRARY_DIR)/Frameworks";
				IPHONEOS_DEPLOYMENT_TARGET = 12.0;
				LD_RUNPATH_SEARCH_PATHS = (
					"$(inherited)",
					"@executable_path/Frameworks",
					"@loader_path/Frameworks",
				);
				MTL_ENABLE_DEBUG_INFO = NO;
				PRODUCT_BUNDLE_IDENTIFIER = net.nousdigital.iOSKit;
				PRODUCT_NAME = "$(TARGET_NAME)";
				SKIP_INSTALL = YES;
				TARGETED_DEVICE_FAMILY = "1,2";
				VERSIONING_SYSTEM = "apple-generic";
				VERSION_INFO_PREFIX = "";
			};
			name = Release;
		};
/* End XCBuildConfiguration section */

/* Begin XCConfigurationList section */
		39F5165913C8E3F2008A9732 /* Build configuration list for PBXProject "iOSKit" */ = {
			isa = XCConfigurationList;
			buildConfigurations = (
				39F5166713C8E3F3008A9732 /* Debug */,
				39F5166813C8E3F3008A9732 /* Release */,
			);
			defaultConfigurationIsVisible = 0;
			defaultConfigurationName = Release;
		};
		39F5166913C8E3F3008A9732 /* Build configuration list for PBXNativeTarget "iOSKitLibrary" */ = {
			isa = XCConfigurationList;
			buildConfigurations = (
				39F5166A13C8E3F3008A9732 /* Debug */,
				39F5166B13C8E3F3008A9732 /* Release */,
			);
			defaultConfigurationIsVisible = 0;
			defaultConfigurationName = Release;
		};
		A9A007EE1E2021000068A936 /* Build configuration list for PBXNativeTarget "iOSKit" */ = {
			isa = XCConfigurationList;
			buildConfigurations = (
				A9A007EF1E2021000068A936 /* Debug */,
				A9A007F01E2021000068A936 /* Release */,
			);
			defaultConfigurationIsVisible = 0;
			defaultConfigurationName = Release;
		};
/* End XCConfigurationList section */
	};
	rootObject = 39F5165613C8E3F2008A9732 /* Project object */;
}
